
Microsoft Visual Studio Solution File, Format Version 12.00
# Visual Studio Version 17
VisualStudioVersion = 17.3.32819.101
MinimumVisualStudioVersion = 10.0.40219.1
Project("{8BC9CEB8-8B4A-11D0-8D11-00A0C91BC942}") = "A_TryThis01", "A_TryThis01\A_TryThis01.vcxproj", "{A5F9E221-138F-4470-BBAA-CD7E3C8D784C}"
EndProject
Project("{8BC9CEB8-8B4A-11D0-8D11-00A0C91BC942}") = "A_TryThis02", "A_TryThis02\A_TryThis02.vcxproj", "{86A24A77-31D8-4526-9AA8-6B446DB0033F}"
EndProject
Project("{8BC9CEB8-8B4A-11D0-8D11-00A0C91BC942}") = "A_TryThis04", "A_TryThis04\A_TryThis04.vcxproj", "{EEDB5CD5-EA4E-4815-8A80-9E5524417747}"
EndProject
Project("{8BC9CEB8-8B4A-11D0-8D11-00A0C91BC942}") = "A_TryThis05", "A_TryThis05\A_TryThis05.vcxproj", "{C8F78793-47E2-4903-AB74-FFB4361C1B08}"
EndProject
Project("{8BC9CEB8-8B4A-11D0-8D11-00A0C91BC942}") = "A_TryThis06", "A_TryThis06\A_TryThis06.vcxproj", "{89322003-BC8D-46BB-A955-98BACAE7A4EC}"
EndProject
Project("{8BC9CEB8-8B4A-11D0-8D11-00A0C91BC942}") = "B_Drill01", "B_Drill01\B_Drill01.vcxproj", "{FB978794-0356-4FFB-A8E8-3126FADEEC08}"
EndProject
Project("{8BC9CEB8-8B4A-11D0-8D11-00A0C91BC942}") = "C_Exercise02", "C_Exercise02\C_Exercise02.vcxproj", "{00814C71-0C53-4B98-9BE1-F6100B4FC273}"
EndProject
Project("{8BC9CEB8-8B4A-11D0-8D11-00A0C91BC942}") = "C_Exercise03", "C_Exercise03\C_Exercise03.vcxproj", "{670E1799-903D-483B-926D-3944A559BB9A}"
EndProject
Project("{8BC9CEB8-8B4A-11D0-8D11-00A0C91BC942}") = "C_Exercise04", "C_Exercise04\C_Exercise04.vcxproj", "{B75C1205-7EEC-47FF-B958-AFF0E7FC306D}"
EndProject
Project("{8BC9CEB8-8B4A-11D0-8D11-00A0C91BC942}") = "C_Exercise05", "C_Exercise05\C_Exercise05.vcxproj", "{6B780F36-DA58-4A42-8936-24917BEB1C72}"
EndProject
Project("{8BC9CEB8-8B4A-11D0-8D11-00A0C91BC942}") = "C_Exercise06", "C_Exercise06\C_Exercise06.vcxproj", "{2EE80194-8DF7-4710-8C23-AFA07E55957D}"
EndProject
Project("{8BC9CEB8-8B4A-11D0-8D11-00A0C91BC942}") = "C_Exercise07", "C_Exercise07\C_Exercise07.vcxproj", "{31ED0645-8A46-48FE-9954-66D5D9265040}"
EndProject
Project("{8BC9CEB8-8B4A-11D0-8D11-00A0C91BC942}") = "C_Exercise08", "C_Exercise08\C_Exercise08.vcxproj", "{E08CA9BE-6BB9-4AEE-8390-1D106B3B03FB}"
EndProject
Project("{8BC9CEB8-8B4A-11D0-8D11-00A0C91BC942}") = "C_Exercise09", "C_Exercise09\C_Exercise09.vcxproj", "{AF23EAF9-8BFD-403F-8917-6DC1E8EA879B}"
EndProject
Project("{8BC9CEB8-8B4A-11D0-8D11-00A0C91BC942}") = "C_Exercise10", "C_Exercise10\C_Exercise10.vcxproj", "{A0E454E7-C744-4E81-9C78-02892C34DC90}"
EndProject
Project("{8BC9CEB8-8B4A-11D0-8D11-00A0C91BC942}") = "C_Exercise11", "C_Exercise11\C_Exercise11.vcxproj", "{DF936281-B6BC-4911-95C1-0238FDB2E4D0}"
EndProject
Global
	GlobalSection(SolutionConfigurationPlatforms) = preSolution
		Debug|x64 = Debug|x64
		Debug|x86 = Debug|x86
		Release|x64 = Release|x64
		Release|x86 = Release|x86
	EndGlobalSection
	GlobalSection(ProjectConfigurationPlatforms) = postSolution
		{A5F9E221-138F-4470-BBAA-CD7E3C8D784C}.Debug|x64.ActiveCfg = Debug|x64
		{A5F9E221-138F-4470-BBAA-CD7E3C8D784C}.Debug|x64.Build.0 = Debug|x64
		{A5F9E221-138F-4470-BBAA-CD7E3C8D784C}.Debug|x86.ActiveCfg = Debug|Win32
		{A5F9E221-138F-4470-BBAA-CD7E3C8D784C}.Debug|x86.Build.0 = Debug|Win32
		{A5F9E221-138F-4470-BBAA-CD7E3C8D784C}.Release|x64.ActiveCfg = Release|x64
		{A5F9E221-138F-4470-BBAA-CD7E3C8D784C}.Release|x64.Build.0 = Release|x64
		{A5F9E221-138F-4470-BBAA-CD7E3C8D784C}.Release|x86.ActiveCfg = Release|Win32
		{A5F9E221-138F-4470-BBAA-CD7E3C8D784C}.Release|x86.Build.0 = Release|Win32
		{86A24A77-31D8-4526-9AA8-6B446DB0033F}.Debug|x64.ActiveCfg = Debug|x64
		{86A24A77-31D8-4526-9AA8-6B446DB0033F}.Debug|x64.Build.0 = Debug|x64
		{86A24A77-31D8-4526-9AA8-6B446DB0033F}.Debug|x86.ActiveCfg = Debug|Win32
		{86A24A77-31D8-4526-9AA8-6B446DB0033F}.Debug|x86.Build.0 = Debug|Win32
		{86A24A77-31D8-4526-9AA8-6B446DB0033F}.Release|x64.ActiveCfg = Release|x64
		{86A24A77-31D8-4526-9AA8-6B446DB0033F}.Release|x64.Build.0 = Release|x64
		{86A24A77-31D8-4526-9AA8-6B446DB0033F}.Release|x86.ActiveCfg = Release|Win32
		{86A24A77-31D8-4526-9AA8-6B446DB0033F}.Release|x86.Build.0 = Release|Win32
		{EEDB5CD5-EA4E-4815-8A80-9E5524417747}.Debug|x64.ActiveCfg = Debug|x64
		{EEDB5CD5-EA4E-4815-8A80-9E5524417747}.Debug|x64.Build.0 = Debug|x64
		{EEDB5CD5-EA4E-4815-8A80-9E5524417747}.Debug|x86.ActiveCfg = Debug|Win32
		{EEDB5CD5-EA4E-4815-8A80-9E5524417747}.Debug|x86.Build.0 = Debug|Win32
		{EEDB5CD5-EA4E-4815-8A80-9E5524417747}.Release|x64.ActiveCfg = Release|x64
		{EEDB5CD5-EA4E-4815-8A80-9E5524417747}.Release|x64.Build.0 = Release|x64
		{EEDB5CD5-EA4E-4815-8A80-9E5524417747}.Release|x86.ActiveCfg = Release|Win32
		{EEDB5CD5-EA4E-4815-8A80-9E5524417747}.Release|x86.Build.0 = Release|Win32
		{C8F78793-47E2-4903-AB74-FFB4361C1B08}.Debug|x64.ActiveCfg = Debug|x64
		{C8F78793-47E2-4903-AB74-FFB4361C1B08}.Debug|x64.Build.0 = Debug|x64
		{C8F78793-47E2-4903-AB74-FFB4361C1B08}.Debug|x86.ActiveCfg = Debug|Win32
		{C8F78793-47E2-4903-AB74-FFB4361C1B08}.Debug|x86.Build.0 = Debug|Win32
		{C8F78793-47E2-4903-AB74-FFB4361C1B08}.Release|x64.ActiveCfg = Release|x64
		{C8F78793-47E2-4903-AB74-FFB4361C1B08}.Release|x64.Build.0 = Release|x64
		{C8F78793-47E2-4903-AB74-FFB4361C1B08}.Release|x86.ActiveCfg = Release|Win32
		{C8F78793-47E2-4903-AB74-FFB4361C1B08}.Release|x86.Build.0 = Release|Win32
		{89322003-BC8D-46BB-A955-98BACAE7A4EC}.Debug|x64.ActiveCfg = Debug|x64
		{89322003-BC8D-46BB-A955-98BACAE7A4EC}.Debug|x64.Build.0 = Debug|x64
		{89322003-BC8D-46BB-A955-98BACAE7A4EC}.Debug|x86.ActiveCfg = Debug|Win32
		{89322003-BC8D-46BB-A955-98BACAE7A4EC}.Debug|x86.Build.0 = Debug|Win32
		{89322003-BC8D-46BB-A955-98BACAE7A4EC}.Release|x64.ActiveCfg = Release|x64
		{89322003-BC8D-46BB-A955-98BACAE7A4EC}.Release|x64.Build.0 = Release|x64
		{89322003-BC8D-46BB-A955-98BACAE7A4EC}.Release|x86.ActiveCfg = Release|Win32
		{89322003-BC8D-46BB-A955-98BACAE7A4EC}.Release|x86.Build.0 = Release|Win32
		{FB978794-0356-4FFB-A8E8-3126FADEEC08}.Debug|x64.ActiveCfg = Debug|x64
		{FB978794-0356-4FFB-A8E8-3126FADEEC08}.Debug|x64.Build.0 = Debug|x64
		{FB978794-0356-4FFB-A8E8-3126FADEEC08}.Debug|x86.ActiveCfg = Debug|Win32
		{FB978794-0356-4FFB-A8E8-3126FADEEC08}.Debug|x86.Build.0 = Debug|Win32
		{FB978794-0356-4FFB-A8E8-3126FADEEC08}.Release|x64.ActiveCfg = Release|x64
		{FB978794-0356-4FFB-A8E8-3126FADEEC08}.Release|x64.Build.0 = Release|x64
		{FB978794-0356-4FFB-A8E8-3126FADEEC08}.Release|x86.ActiveCfg = Release|Win32
		{FB978794-0356-4FFB-A8E8-3126FADEEC08}.Release|x86.Build.0 = Release|Win32
		{00814C71-0C53-4B98-9BE1-F6100B4FC273}.Debug|x64.ActiveCfg = Debug|x64
		{00814C71-0C53-4B98-9BE1-F6100B4FC273}.Debug|x64.Build.0 = Debug|x64
		{00814C71-0C53-4B98-9BE1-F6100B4FC273}.Debug|x86.ActiveCfg = Debug|Win32
		{00814C71-0C53-4B98-9BE1-F6100B4FC273}.Debug|x86.Build.0 = Debug|Win32
		{00814C71-0C53-4B98-9BE1-F6100B4FC273}.Release|x64.ActiveCfg = Release|x64
		{00814C71-0C53-4B98-9BE1-F6100B4FC273}.Release|x64.Build.0 = Release|x64
		{00814C71-0C53-4B98-9BE1-F6100B4FC273}.Release|x86.ActiveCfg = Release|Win32
		{00814C71-0C53-4B98-9BE1-F6100B4FC273}.Release|x86.Build.0 = Release|Win32
		{670E1799-903D-483B-926D-3944A559BB9A}.Debug|x64.ActiveCfg = Debug|x64
		{670E1799-903D-483B-926D-3944A559BB9A}.Debug|x64.Build.0 = Debug|x64
		{670E1799-903D-483B-926D-3944A559BB9A}.Debug|x86.ActiveCfg = Debug|Win32
		{670E1799-903D-483B-926D-3944A559BB9A}.Debug|x86.Build.0 = Debug|Win32
		{670E1799-903D-483B-926D-3944A559BB9A}.Release|x64.ActiveCfg = Release|x64
		{670E1799-903D-483B-926D-3944A559BB9A}.Release|x64.Build.0 = Release|x64
		{670E1799-903D-483B-926D-3944A559BB9A}.Release|x86.ActiveCfg = Release|Win32
		{670E1799-903D-483B-926D-3944A559BB9A}.Release|x86.Build.0 = Release|Win32
		{B75C1205-7EEC-47FF-B958-AFF0E7FC306D}.Debug|x64.ActiveCfg = Debug|x64
		{B75C1205-7EEC-47FF-B958-AFF0E7FC306D}.Debug|x64.Build.0 = Debug|x64
		{B75C1205-7EEC-47FF-B958-AFF0E7FC306D}.Debug|x86.ActiveCfg = Debug|Win32
		{B75C1205-7EEC-47FF-B958-AFF0E7FC306D}.Debug|x86.Build.0 = Debug|Win32
		{B75C1205-7EEC-47FF-B958-AFF0E7FC306D}.Release|x64.ActiveCfg = Release|x64
		{B75C1205-7EEC-47FF-B958-AFF0E7FC306D}.Release|x64.Build.0 = Release|x64
		{B75C1205-7EEC-47FF-B958-AFF0E7FC306D}.Release|x86.ActiveCfg = Release|Win32
		{B75C1205-7EEC-47FF-B958-AFF0E7FC306D}.Release|x86.Build.0 = Release|Win32
		{6B780F36-DA58-4A42-8936-24917BEB1C72}.Debug|x64.ActiveCfg = Debug|x64
		{6B780F36-DA58-4A42-8936-24917BEB1C72}.Debug|x64.Build.0 = Debug|x64
		{6B780F36-DA58-4A42-8936-24917BEB1C72}.Debug|x86.ActiveCfg = Debug|Win32
		{6B780F36-DA58-4A42-8936-24917BEB1C72}.Debug|x86.Build.0 = Debug|Win32
		{6B780F36-DA58-4A42-8936-24917BEB1C72}.Release|x64.ActiveCfg = Release|x64
		{6B780F36-DA58-4A42-8936-24917BEB1C72}.Release|x64.Build.0 = Release|x64
		{6B780F36-DA58-4A42-8936-24917BEB1C72}.Release|x86.ActiveCfg = Release|Win32
		{6B780F36-DA58-4A42-8936-24917BEB1C72}.Release|x86.Build.0 = Release|Win32
		{2EE80194-8DF7-4710-8C23-AFA07E55957D}.Debug|x64.ActiveCfg = Debug|x64
		{2EE80194-8DF7-4710-8C23-AFA07E55957D}.Debug|x64.Build.0 = Debug|x64
		{2EE80194-8DF7-4710-8C23-AFA07E55957D}.Debug|x86.ActiveCfg = Debug|Win32
		{2EE80194-8DF7-4710-8C23-AFA07E55957D}.Debug|x86.Build.0 = Debug|Win32
		{2EE80194-8DF7-4710-8C23-AFA07E55957D}.Release|x64.ActiveCfg = Release|x64
		{2EE80194-8DF7-4710-8C23-AFA07E55957D}.Release|x64.Build.0 = Release|x64
		{2EE80194-8DF7-4710-8C23-AFA07E55957D}.Release|x86.ActiveCfg = Release|Win32
		{2EE80194-8DF7-4710-8C23-AFA07E55957D}.Release|x86.Build.0 = Release|Win32
		{31ED0645-8A46-48FE-9954-66D5D9265040}.Debug|x64.ActiveCfg = Debug|x64
		{31ED0645-8A46-48FE-9954-66D5D9265040}.Debug|x64.Build.0 = Debug|x64
		{31ED0645-8A46-48FE-9954-66D5D9265040}.Debug|x86.ActiveCfg = Debug|Win32
		{31ED0645-8A46-48FE-9954-66D5D9265040}.Debug|x86.Build.0 = Debug|Win32
		{31ED0645-8A46-48FE-9954-66D5D9265040}.Release|x64.ActiveCfg = Release|x64
		{31ED0645-8A46-48FE-9954-66D5D9265040}.Release|x64.Build.0 = Release|x64
		{31ED0645-8A46-48FE-9954-66D5D9265040}.Release|x86.ActiveCfg = Release|Win32
		{31ED0645-8A46-48FE-9954-66D5D9265040}.Release|x86.Build.0 = Release|Win32
		{E08CA9BE-6BB9-4AEE-8390-1D106B3B03FB}.Debug|x64.ActiveCfg = Debug|x64
		{E08CA9BE-6BB9-4AEE-8390-1D106B3B03FB}.Debug|x64.Build.0 = Debug|x64
		{E08CA9BE-6BB9-4AEE-8390-1D106B3B03FB}.Debug|x86.ActiveCfg = Debug|Win32
		{E08CA9BE-6BB9-4AEE-8390-1D106B3B03FB}.Debug|x86.Build.0 = Debug|Win32
		{E08CA9BE-6BB9-4AEE-8390-1D106B3B03FB}.Release|x64.ActiveCfg = Release|x64
		{E08CA9BE-6BB9-4AEE-8390-1D106B3B03FB}.Release|x64.Build.0 = Release|x64
		{E08CA9BE-6BB9-4AEE-8390-1D106B3B03FB}.Release|x86.ActiveCfg = Release|Win32
		{E08CA9BE-6BB9-4AEE-8390-1D106B3B03FB}.Release|x86.Build.0 = Release|Win32
		{AF23EAF9-8BFD-403F-8917-6DC1E8EA879B}.Debug|x64.ActiveCfg = Debug|x64
		{AF23EAF9-8BFD-403F-8917-6DC1E8EA879B}.Debug|x64.Build.0 = Debug|x64
		{AF23EAF9-8BFD-403F-8917-6DC1E8EA879B}.Debug|x86.ActiveCfg = Debug|Win32
		{AF23EAF9-8BFD-403F-8917-6DC1E8EA879B}.Debug|x86.Build.0 = Debug|Win32
		{AF23EAF9-8BFD-403F-8917-6DC1E8EA879B}.Release|x64.ActiveCfg = Release|x64
		{AF23EAF9-8BFD-403F-8917-6DC1E8EA879B}.Release|x64.Build.0 = Release|x64
		{AF23EAF9-8BFD-403F-8917-6DC1E8EA879B}.Release|x86.ActiveCfg = Release|Win32
		{AF23EAF9-8BFD-403F-8917-6DC1E8EA879B}.Release|x86.Build.0 = Release|Win32
		{A0E454E7-C744-4E81-9C78-02892C34DC90}.Debug|x64.ActiveCfg = Debug|x64
		{A0E454E7-C744-4E81-9C78-02892C34DC90}.Debug|x64.Build.0 = Debug|x64
		{A0E454E7-C744-4E81-9C78-02892C34DC90}.Debug|x86.ActiveCfg = Debug|Win32
		{A0E454E7-C744-4E81-9C78-02892C34DC90}.Debug|x86.Build.0 = Debug|Win32
		{A0E454E7-C744-4E81-9C78-02892C34DC90}.Release|x64.ActiveCfg = Release|x64
		{A0E454E7-C744-4E81-9C78-02892C34DC90}.Release|x64.Build.0 = Release|x64
		{A0E454E7-C744-4E81-9C78-02892C34DC90}.Release|x86.ActiveCfg = Release|Win32
		{A0E454E7-C744-4E81-9C78-02892C34DC90}.Release|x86.Build.0 = Release|Win32
		{DF936281-B6BC-4911-95C1-0238FDB2E4D0}.Debug|x64.ActiveCfg = Debug|x64
		{DF936281-B6BC-4911-95C1-0238FDB2E4D0}.Debug|x64.Build.0 = Debug|x64
		{DF936281-B6BC-4911-95C1-0238FDB2E4D0}.Debug|x86.ActiveCfg = Debug|Win32
		{DF936281-B6BC-4911-95C1-0238FDB2E4D0}.Debug|x86.Build.0 = Debug|Win32
		{DF936281-B6BC-4911-95C1-0238FDB2E4D0}.Release|x64.ActiveCfg = Release|x64
		{DF936281-B6BC-4911-95C1-0238FDB2E4D0}.Release|x64.Build.0 = Release|x64
		{DF936281-B6BC-4911-95C1-0238FDB2E4D0}.Release|x86.ActiveCfg = Release|Win32
		{DF936281-B6BC-4911-95C1-0238FDB2E4D0}.Release|x86.Build.0 = Release|Win32
	EndGlobalSection
	GlobalSection(SolutionProperties) = preSolution
		HideSolutionNode = FALSE
	EndGlobalSection
	GlobalSection(ExtensibilityGlobals) = postSolution
		SolutionGuid = {A5A81790-6938-4B91-B9B6-95AEB05646C2}
	EndGlobalSection
EndGlobal
