
Microsoft Visual Studio Solution File, Format Version 12.00
# Visual Studio Version 17
VisualStudioVersion = 17.3.32819.101
MinimumVisualStudioVersion = 10.0.40219.1
Project("{8BC9CEB8-8B4A-11D0-8D11-00A0C91BC942}") = "A_TryThis01", "A_TryThis01\A_TryThis01.vcxproj", "{1AF8477F-76D4-48F0-928D-32C98E15CCB9}"
EndProject
Project("{8BC9CEB8-8B4A-11D0-8D11-00A0C91BC942}") = "A_TryThis02", "A_TryThis02\A_TryThis02.vcxproj", "{1F59BE79-6192-4BB1-9A61-E7991C0E60BA}"
EndProject
Project("{8BC9CEB8-8B4A-11D0-8D11-00A0C91BC942}") = "A_TryThis03", "A_TryThis03\A_TryThis03.vcxproj", "{43B90713-D162-4444-B61A-C9D61B67BFBB}"
EndProject
Global
	GlobalSection(SolutionConfigurationPlatforms) = preSolution
		Debug|x64 = Debug|x64
		Debug|x86 = Debug|x86
		Release|x64 = Release|x64
		Release|x86 = Release|x86
	EndGlobalSection
	GlobalSection(ProjectConfigurationPlatforms) = postSolution
		{1AF8477F-76D4-48F0-928D-32C98E15CCB9}.Debug|x64.ActiveCfg = Debug|x64
		{1AF8477F-76D4-48F0-928D-32C98E15CCB9}.Debug|x64.Build.0 = Debug|x64
		{1AF8477F-76D4-48F0-928D-32C98E15CCB9}.Debug|x86.ActiveCfg = Debug|Win32
		{1AF8477F-76D4-48F0-928D-32C98E15CCB9}.Debug|x86.Build.0 = Debug|Win32
		{1AF8477F-76D4-48F0-928D-32C98E15CCB9}.Release|x64.ActiveCfg = Release|x64
		{1AF8477F-76D4-48F0-928D-32C98E15CCB9}.Release|x64.Build.0 = Release|x64
		{1AF8477F-76D4-48F0-928D-32C98E15CCB9}.Release|x86.ActiveCfg = Release|Win32
		{1AF8477F-76D4-48F0-928D-32C98E15CCB9}.Release|x86.Build.0 = Release|Win32
		{1F59BE79-6192-4BB1-9A61-E7991C0E60BA}.Debug|x64.ActiveCfg = Debug|x64
		{1F59BE79-6192-4BB1-9A61-E7991C0E60BA}.Debug|x64.Build.0 = Debug|x64
		{1F59BE79-6192-4BB1-9A61-E7991C0E60BA}.Debug|x86.ActiveCfg = Debug|Win32
		{1F59BE79-6192-4BB1-9A61-E7991C0E60BA}.Debug|x86.Build.0 = Debug|Win32
		{1F59BE79-6192-4BB1-9A61-E7991C0E60BA}.Release|x64.ActiveCfg = Release|x64
		{1F59BE79-6192-4BB1-9A61-E7991C0E60BA}.Release|x64.Build.0 = Release|x64
		{1F59BE79-6192-4BB1-9A61-E7991C0E60BA}.Release|x86.ActiveCfg = Release|Win32
		{1F59BE79-6192-4BB1-9A61-E7991C0E60BA}.Release|x86.Build.0 = Release|Win32
		{43B90713-D162-4444-B61A-C9D61B67BFBB}.Debug|x64.ActiveCfg = Debug|x64
		{43B90713-D162-4444-B61A-C9D61B67BFBB}.Debug|x64.Build.0 = Debug|x64
		{43B90713-D162-4444-B61A-C9D61B67BFBB}.Debug|x86.ActiveCfg = Debug|Win32
		{43B90713-D162-4444-B61A-C9D61B67BFBB}.Debug|x86.Build.0 = Debug|Win32
		{43B90713-D162-4444-B61A-C9D61B67BFBB}.Release|x64.ActiveCfg = Release|x64
		{43B90713-D162-4444-B61A-C9D61B67BFBB}.Release|x64.Build.0 = Release|x64
		{43B90713-D162-4444-B61A-C9D61B67BFBB}.Release|x86.ActiveCfg = Release|Win32
		{43B90713-D162-4444-B61A-C9D61B67BFBB}.Release|x86.Build.0 = Release|Win32
	EndGlobalSection
	GlobalSection(SolutionProperties) = preSolution
		HideSolutionNode = FALSE
	EndGlobalSection
	GlobalSection(ExtensibilityGlobals) = postSolution
		SolutionGuid = {B1B15CEF-35D0-424D-9475-0A28FCB374A7}
	EndGlobalSection
EndGlobal
