
Microsoft Visual Studio Solution File, Format Version 12.00
# Visual Studio Version 17
VisualStudioVersion = 17.3.32819.101
MinimumVisualStudioVersion = 10.0.40219.1
Project("{8BC9CEB8-8B4A-11D0-8D11-00A0C91BC942}") = "A_TryThis01", "A_TryThis01\A_TryThis01.vcxproj", "{36A09DA1-95C0-4D39-8C77-9AC807DDC9A4}"
EndProject
Project("{8BC9CEB8-8B4A-11D0-8D11-00A0C91BC942}") = "A_TryThis02", "A_TryThis02\A_TryThis02.vcxproj", "{B8D1747D-FF76-4DBD-9C4B-B2FDC3405198}"
EndProject
Project("{8BC9CEB8-8B4A-11D0-8D11-00A0C91BC942}") = "A_TryThis03", "A_TryThis03\A_TryThis03.vcxproj", "{B49A7422-3ABB-4270-ABFD-EA4E10554ABE}"
EndProject
Project("{8BC9CEB8-8B4A-11D0-8D11-00A0C91BC942}") = "A_TryThis04", "A_TryThis04\A_TryThis04.vcxproj", "{903EAB45-B655-4D71-9AE3-52D7EF2F74B6}"
EndProject
Project("{8BC9CEB8-8B4A-11D0-8D11-00A0C91BC942}") = "A_TryThis05", "A_TryThis05\A_TryThis05.vcxproj", "{96BB7AA7-C5DD-4DDA-A715-A09E466D65AA}"
EndProject
Project("{8BC9CEB8-8B4A-11D0-8D11-00A0C91BC942}") = "A_TryThis06", "A_TryThis06\A_TryThis06.vcxproj", "{E4F5BEDE-2D2E-493C-9003-4F4A15EE7FA8}"
EndProject
Project("{8BC9CEB8-8B4A-11D0-8D11-00A0C91BC942}") = "B_Drill01", "B_Drill01\B_Drill01.vcxproj", "{EADB7736-751E-44DC-B013-733F12D8A37F}"
EndProject
Project("{8BC9CEB8-8B4A-11D0-8D11-00A0C91BC942}") = "C_Exercise03", "C_Exercise03\C_Exercise03.vcxproj", "{8E5253BB-CD13-4890-BC92-E3D347CBE50A}"
EndProject
Project("{8BC9CEB8-8B4A-11D0-8D11-00A0C91BC942}") = "C_Exercise02", "C_Exercise02\C_Exercise02.vcxproj", "{675764A8-1A1A-408B-952E-08D59D066876}"
EndProject
Project("{8BC9CEB8-8B4A-11D0-8D11-00A0C91BC942}") = "C_Exercise04", "C_Exercise04\C_Exercise04.vcxproj", "{6DA38E45-2428-4BB4-BB80-57676134B3A6}"
EndProject
Project("{8BC9CEB8-8B4A-11D0-8D11-00A0C91BC942}") = "C_Exercise05", "C_Exercise05\C_Exercise05.vcxproj", "{A7A214B9-3B7A-4F50-B1E6-484BC2372562}"
EndProject
Project("{8BC9CEB8-8B4A-11D0-8D11-00A0C91BC942}") = "C_Exercise06", "C_Exercise06\C_Exercise06.vcxproj", "{D8C326AB-8D0A-4E9B-B272-CA64FED3CF30}"
EndProject
Project("{8BC9CEB8-8B4A-11D0-8D11-00A0C91BC942}") = "C_Exercise07", "C_Exercise07\C_Exercise07.vcxproj", "{F6DE8E36-68C5-4AF2-B595-A30C9A55EE8F}"
EndProject
Project("{8BC9CEB8-8B4A-11D0-8D11-00A0C91BC942}") = "C_Exercise08", "C_Exercise08\C_Exercise08.vcxproj", "{55D81612-53FB-4EAD-A33F-335CC0B1D3A3}"
EndProject
Project("{8BC9CEB8-8B4A-11D0-8D11-00A0C91BC942}") = "C_Exercise09", "C_Exercise09\C_Exercise09.vcxproj", "{6C91ED06-3867-401A-BC43-A68252C3D448}"
EndProject
Project("{8BC9CEB8-8B4A-11D0-8D11-00A0C91BC942}") = "C_Exercise10", "C_Exercise10\C_Exercise10.vcxproj", "{D63EDF06-44D3-40F1-B9D1-1D72EFAE8E0E}"
EndProject
Project("{8BC9CEB8-8B4A-11D0-8D11-00A0C91BC942}") = "C_Exercise11", "C_Exercise11\C_Exercise11.vcxproj", "{B038510D-4889-4D10-B4ED-6A114B2EE3E9}"
EndProject
Project("{8BC9CEB8-8B4A-11D0-8D11-00A0C91BC942}") = "C_Exercise13", "C_Exercise13\C_Exercise13.vcxproj", "{F4FA7581-A014-4666-BAA8-15B514F0E35E}"
EndProject
Project("{8BC9CEB8-8B4A-11D0-8D11-00A0C91BC942}") = "C_Exercise15", "C_Exercise15\C_Exercise15.vcxproj", "{92CA8700-43C3-40B2-83E9-009264681AA7}"
EndProject
Project("{8BC9CEB8-8B4A-11D0-8D11-00A0C91BC942}") = "C_Exercise16", "C_Exercise16\C_Exercise16.vcxproj", "{DA907E7C-5793-4D8A-B79E-780269C37A06}"
EndProject
Project("{8BC9CEB8-8B4A-11D0-8D11-00A0C91BC942}") = "C_Exercise17", "C_Exercise17\C_Exercise17.vcxproj", "{0B1C9DD8-3B70-4BAC-9711-E3AB8CA14F61}"
EndProject
Project("{8BC9CEB8-8B4A-11D0-8D11-00A0C91BC942}") = "C_Exercise18", "C_Exercise18\C_Exercise18.vcxproj", "{E53FC277-41EC-4C75-99EB-A5EC882BA9ED}"
EndProject
Project("{8BC9CEB8-8B4A-11D0-8D11-00A0C91BC942}") = "C_Exercise19", "C_Exercise19\C_Exercise19.vcxproj", "{EA1E78FE-02BA-49D5-B8B9-6146C2E2CA51}"
EndProject
Global
	GlobalSection(SolutionConfigurationPlatforms) = preSolution
		Debug|x64 = Debug|x64
		Debug|x86 = Debug|x86
		Release|x64 = Release|x64
		Release|x86 = Release|x86
	EndGlobalSection
	GlobalSection(ProjectConfigurationPlatforms) = postSolution
		{36A09DA1-95C0-4D39-8C77-9AC807DDC9A4}.Debug|x64.ActiveCfg = Debug|x64
		{36A09DA1-95C0-4D39-8C77-9AC807DDC9A4}.Debug|x64.Build.0 = Debug|x64
		{36A09DA1-95C0-4D39-8C77-9AC807DDC9A4}.Debug|x86.ActiveCfg = Debug|Win32
		{36A09DA1-95C0-4D39-8C77-9AC807DDC9A4}.Debug|x86.Build.0 = Debug|Win32
		{36A09DA1-95C0-4D39-8C77-9AC807DDC9A4}.Release|x64.ActiveCfg = Release|x64
		{36A09DA1-95C0-4D39-8C77-9AC807DDC9A4}.Release|x64.Build.0 = Release|x64
		{36A09DA1-95C0-4D39-8C77-9AC807DDC9A4}.Release|x86.ActiveCfg = Release|Win32
		{36A09DA1-95C0-4D39-8C77-9AC807DDC9A4}.Release|x86.Build.0 = Release|Win32
		{B8D1747D-FF76-4DBD-9C4B-B2FDC3405198}.Debug|x64.ActiveCfg = Debug|x64
		{B8D1747D-FF76-4DBD-9C4B-B2FDC3405198}.Debug|x64.Build.0 = Debug|x64
		{B8D1747D-FF76-4DBD-9C4B-B2FDC3405198}.Debug|x86.ActiveCfg = Debug|Win32
		{B8D1747D-FF76-4DBD-9C4B-B2FDC3405198}.Debug|x86.Build.0 = Debug|Win32
		{B8D1747D-FF76-4DBD-9C4B-B2FDC3405198}.Release|x64.ActiveCfg = Release|x64
		{B8D1747D-FF76-4DBD-9C4B-B2FDC3405198}.Release|x64.Build.0 = Release|x64
		{B8D1747D-FF76-4DBD-9C4B-B2FDC3405198}.Release|x86.ActiveCfg = Release|Win32
		{B8D1747D-FF76-4DBD-9C4B-B2FDC3405198}.Release|x86.Build.0 = Release|Win32
		{B49A7422-3ABB-4270-ABFD-EA4E10554ABE}.Debug|x64.ActiveCfg = Debug|x64
		{B49A7422-3ABB-4270-ABFD-EA4E10554ABE}.Debug|x64.Build.0 = Debug|x64
		{B49A7422-3ABB-4270-ABFD-EA4E10554ABE}.Debug|x86.ActiveCfg = Debug|Win32
		{B49A7422-3ABB-4270-ABFD-EA4E10554ABE}.Debug|x86.Build.0 = Debug|Win32
		{B49A7422-3ABB-4270-ABFD-EA4E10554ABE}.Release|x64.ActiveCfg = Release|x64
		{B49A7422-3ABB-4270-ABFD-EA4E10554ABE}.Release|x64.Build.0 = Release|x64
		{B49A7422-3ABB-4270-ABFD-EA4E10554ABE}.Release|x86.ActiveCfg = Release|Win32
		{B49A7422-3ABB-4270-ABFD-EA4E10554ABE}.Release|x86.Build.0 = Release|Win32
		{903EAB45-B655-4D71-9AE3-52D7EF2F74B6}.Debug|x64.ActiveCfg = Debug|x64
		{903EAB45-B655-4D71-9AE3-52D7EF2F74B6}.Debug|x64.Build.0 = Debug|x64
		{903EAB45-B655-4D71-9AE3-52D7EF2F74B6}.Debug|x86.ActiveCfg = Debug|Win32
		{903EAB45-B655-4D71-9AE3-52D7EF2F74B6}.Debug|x86.Build.0 = Debug|Win32
		{903EAB45-B655-4D71-9AE3-52D7EF2F74B6}.Release|x64.ActiveCfg = Release|x64
		{903EAB45-B655-4D71-9AE3-52D7EF2F74B6}.Release|x64.Build.0 = Release|x64
		{903EAB45-B655-4D71-9AE3-52D7EF2F74B6}.Release|x86.ActiveCfg = Release|Win32
		{903EAB45-B655-4D71-9AE3-52D7EF2F74B6}.Release|x86.Build.0 = Release|Win32
		{96BB7AA7-C5DD-4DDA-A715-A09E466D65AA}.Debug|x64.ActiveCfg = Debug|x64
		{96BB7AA7-C5DD-4DDA-A715-A09E466D65AA}.Debug|x64.Build.0 = Debug|x64
		{96BB7AA7-C5DD-4DDA-A715-A09E466D65AA}.Debug|x86.ActiveCfg = Debug|Win32
		{96BB7AA7-C5DD-4DDA-A715-A09E466D65AA}.Debug|x86.Build.0 = Debug|Win32
		{96BB7AA7-C5DD-4DDA-A715-A09E466D65AA}.Release|x64.ActiveCfg = Release|x64
		{96BB7AA7-C5DD-4DDA-A715-A09E466D65AA}.Release|x64.Build.0 = Release|x64
		{96BB7AA7-C5DD-4DDA-A715-A09E466D65AA}.Release|x86.ActiveCfg = Release|Win32
		{96BB7AA7-C5DD-4DDA-A715-A09E466D65AA}.Release|x86.Build.0 = Release|Win32
		{E4F5BEDE-2D2E-493C-9003-4F4A15EE7FA8}.Debug|x64.ActiveCfg = Debug|x64
		{E4F5BEDE-2D2E-493C-9003-4F4A15EE7FA8}.Debug|x64.Build.0 = Debug|x64
		{E4F5BEDE-2D2E-493C-9003-4F4A15EE7FA8}.Debug|x86.ActiveCfg = Debug|Win32
		{E4F5BEDE-2D2E-493C-9003-4F4A15EE7FA8}.Debug|x86.Build.0 = Debug|Win32
		{E4F5BEDE-2D2E-493C-9003-4F4A15EE7FA8}.Release|x64.ActiveCfg = Release|x64
		{E4F5BEDE-2D2E-493C-9003-4F4A15EE7FA8}.Release|x64.Build.0 = Release|x64
		{E4F5BEDE-2D2E-493C-9003-4F4A15EE7FA8}.Release|x86.ActiveCfg = Release|Win32
		{E4F5BEDE-2D2E-493C-9003-4F4A15EE7FA8}.Release|x86.Build.0 = Release|Win32
		{EADB7736-751E-44DC-B013-733F12D8A37F}.Debug|x64.ActiveCfg = Debug|x64
		{EADB7736-751E-44DC-B013-733F12D8A37F}.Debug|x64.Build.0 = Debug|x64
		{EADB7736-751E-44DC-B013-733F12D8A37F}.Debug|x86.ActiveCfg = Debug|Win32
		{EADB7736-751E-44DC-B013-733F12D8A37F}.Debug|x86.Build.0 = Debug|Win32
		{EADB7736-751E-44DC-B013-733F12D8A37F}.Release|x64.ActiveCfg = Release|x64
		{EADB7736-751E-44DC-B013-733F12D8A37F}.Release|x64.Build.0 = Release|x64
		{EADB7736-751E-44DC-B013-733F12D8A37F}.Release|x86.ActiveCfg = Release|Win32
		{EADB7736-751E-44DC-B013-733F12D8A37F}.Release|x86.Build.0 = Release|Win32
		{8E5253BB-CD13-4890-BC92-E3D347CBE50A}.Debug|x64.ActiveCfg = Debug|x64
		{8E5253BB-CD13-4890-BC92-E3D347CBE50A}.Debug|x64.Build.0 = Debug|x64
		{8E5253BB-CD13-4890-BC92-E3D347CBE50A}.Debug|x86.ActiveCfg = Debug|Win32
		{8E5253BB-CD13-4890-BC92-E3D347CBE50A}.Debug|x86.Build.0 = Debug|Win32
		{8E5253BB-CD13-4890-BC92-E3D347CBE50A}.Release|x64.ActiveCfg = Release|x64
		{8E5253BB-CD13-4890-BC92-E3D347CBE50A}.Release|x64.Build.0 = Release|x64
		{8E5253BB-CD13-4890-BC92-E3D347CBE50A}.Release|x86.ActiveCfg = Release|Win32
		{8E5253BB-CD13-4890-BC92-E3D347CBE50A}.Release|x86.Build.0 = Release|Win32
		{675764A8-1A1A-408B-952E-08D59D066876}.Debug|x64.ActiveCfg = Debug|x64
		{675764A8-1A1A-408B-952E-08D59D066876}.Debug|x64.Build.0 = Debug|x64
		{675764A8-1A1A-408B-952E-08D59D066876}.Debug|x86.ActiveCfg = Debug|Win32
		{675764A8-1A1A-408B-952E-08D59D066876}.Debug|x86.Build.0 = Debug|Win32
		{675764A8-1A1A-408B-952E-08D59D066876}.Release|x64.ActiveCfg = Release|x64
		{675764A8-1A1A-408B-952E-08D59D066876}.Release|x64.Build.0 = Release|x64
		{675764A8-1A1A-408B-952E-08D59D066876}.Release|x86.ActiveCfg = Release|Win32
		{675764A8-1A1A-408B-952E-08D59D066876}.Release|x86.Build.0 = Release|Win32
		{6DA38E45-2428-4BB4-BB80-57676134B3A6}.Debug|x64.ActiveCfg = Debug|x64
		{6DA38E45-2428-4BB4-BB80-57676134B3A6}.Debug|x64.Build.0 = Debug|x64
		{6DA38E45-2428-4BB4-BB80-57676134B3A6}.Debug|x86.ActiveCfg = Debug|Win32
		{6DA38E45-2428-4BB4-BB80-57676134B3A6}.Debug|x86.Build.0 = Debug|Win32
		{6DA38E45-2428-4BB4-BB80-57676134B3A6}.Release|x64.ActiveCfg = Release|x64
		{6DA38E45-2428-4BB4-BB80-57676134B3A6}.Release|x64.Build.0 = Release|x64
		{6DA38E45-2428-4BB4-BB80-57676134B3A6}.Release|x86.ActiveCfg = Release|Win32
		{6DA38E45-2428-4BB4-BB80-57676134B3A6}.Release|x86.Build.0 = Release|Win32
		{A7A214B9-3B7A-4F50-B1E6-484BC2372562}.Debug|x64.ActiveCfg = Debug|x64
		{A7A214B9-3B7A-4F50-B1E6-484BC2372562}.Debug|x64.Build.0 = Debug|x64
		{A7A214B9-3B7A-4F50-B1E6-484BC2372562}.Debug|x86.ActiveCfg = Debug|Win32
		{A7A214B9-3B7A-4F50-B1E6-484BC2372562}.Debug|x86.Build.0 = Debug|Win32
		{A7A214B9-3B7A-4F50-B1E6-484BC2372562}.Release|x64.ActiveCfg = Release|x64
		{A7A214B9-3B7A-4F50-B1E6-484BC2372562}.Release|x64.Build.0 = Release|x64
		{A7A214B9-3B7A-4F50-B1E6-484BC2372562}.Release|x86.ActiveCfg = Release|Win32
		{A7A214B9-3B7A-4F50-B1E6-484BC2372562}.Release|x86.Build.0 = Release|Win32
		{D8C326AB-8D0A-4E9B-B272-CA64FED3CF30}.Debug|x64.ActiveCfg = Debug|x64
		{D8C326AB-8D0A-4E9B-B272-CA64FED3CF30}.Debug|x64.Build.0 = Debug|x64
		{D8C326AB-8D0A-4E9B-B272-CA64FED3CF30}.Debug|x86.ActiveCfg = Debug|Win32
		{D8C326AB-8D0A-4E9B-B272-CA64FED3CF30}.Debug|x86.Build.0 = Debug|Win32
		{D8C326AB-8D0A-4E9B-B272-CA64FED3CF30}.Release|x64.ActiveCfg = Release|x64
		{D8C326AB-8D0A-4E9B-B272-CA64FED3CF30}.Release|x64.Build.0 = Release|x64
		{D8C326AB-8D0A-4E9B-B272-CA64FED3CF30}.Release|x86.ActiveCfg = Release|Win32
		{D8C326AB-8D0A-4E9B-B272-CA64FED3CF30}.Release|x86.Build.0 = Release|Win32
		{F6DE8E36-68C5-4AF2-B595-A30C9A55EE8F}.Debug|x64.ActiveCfg = Debug|x64
		{F6DE8E36-68C5-4AF2-B595-A30C9A55EE8F}.Debug|x64.Build.0 = Debug|x64
		{F6DE8E36-68C5-4AF2-B595-A30C9A55EE8F}.Debug|x86.ActiveCfg = Debug|Win32
		{F6DE8E36-68C5-4AF2-B595-A30C9A55EE8F}.Debug|x86.Build.0 = Debug|Win32
		{F6DE8E36-68C5-4AF2-B595-A30C9A55EE8F}.Release|x64.ActiveCfg = Release|x64
		{F6DE8E36-68C5-4AF2-B595-A30C9A55EE8F}.Release|x64.Build.0 = Release|x64
		{F6DE8E36-68C5-4AF2-B595-A30C9A55EE8F}.Release|x86.ActiveCfg = Release|Win32
		{F6DE8E36-68C5-4AF2-B595-A30C9A55EE8F}.Release|x86.Build.0 = Release|Win32
		{55D81612-53FB-4EAD-A33F-335CC0B1D3A3}.Debug|x64.ActiveCfg = Debug|x64
		{55D81612-53FB-4EAD-A33F-335CC0B1D3A3}.Debug|x64.Build.0 = Debug|x64
		{55D81612-53FB-4EAD-A33F-335CC0B1D3A3}.Debug|x86.ActiveCfg = Debug|Win32
		{55D81612-53FB-4EAD-A33F-335CC0B1D3A3}.Debug|x86.Build.0 = Debug|Win32
		{55D81612-53FB-4EAD-A33F-335CC0B1D3A3}.Release|x64.ActiveCfg = Release|x64
		{55D81612-53FB-4EAD-A33F-335CC0B1D3A3}.Release|x64.Build.0 = Release|x64
		{55D81612-53FB-4EAD-A33F-335CC0B1D3A3}.Release|x86.ActiveCfg = Release|Win32
		{55D81612-53FB-4EAD-A33F-335CC0B1D3A3}.Release|x86.Build.0 = Release|Win32
		{6C91ED06-3867-401A-BC43-A68252C3D448}.Debug|x64.ActiveCfg = Debug|x64
		{6C91ED06-3867-401A-BC43-A68252C3D448}.Debug|x64.Build.0 = Debug|x64
		{6C91ED06-3867-401A-BC43-A68252C3D448}.Debug|x86.ActiveCfg = Debug|Win32
		{6C91ED06-3867-401A-BC43-A68252C3D448}.Debug|x86.Build.0 = Debug|Win32
		{6C91ED06-3867-401A-BC43-A68252C3D448}.Release|x64.ActiveCfg = Release|x64
		{6C91ED06-3867-401A-BC43-A68252C3D448}.Release|x64.Build.0 = Release|x64
		{6C91ED06-3867-401A-BC43-A68252C3D448}.Release|x86.ActiveCfg = Release|Win32
		{6C91ED06-3867-401A-BC43-A68252C3D448}.Release|x86.Build.0 = Release|Win32
		{D63EDF06-44D3-40F1-B9D1-1D72EFAE8E0E}.Debug|x64.ActiveCfg = Debug|x64
		{D63EDF06-44D3-40F1-B9D1-1D72EFAE8E0E}.Debug|x64.Build.0 = Debug|x64
		{D63EDF06-44D3-40F1-B9D1-1D72EFAE8E0E}.Debug|x86.ActiveCfg = Debug|Win32
		{D63EDF06-44D3-40F1-B9D1-1D72EFAE8E0E}.Debug|x86.Build.0 = Debug|Win32
		{D63EDF06-44D3-40F1-B9D1-1D72EFAE8E0E}.Release|x64.ActiveCfg = Release|x64
		{D63EDF06-44D3-40F1-B9D1-1D72EFAE8E0E}.Release|x64.Build.0 = Release|x64
		{D63EDF06-44D3-40F1-B9D1-1D72EFAE8E0E}.Release|x86.ActiveCfg = Release|Win32
		{D63EDF06-44D3-40F1-B9D1-1D72EFAE8E0E}.Release|x86.Build.0 = Release|Win32
		{B038510D-4889-4D10-B4ED-6A114B2EE3E9}.Debug|x64.ActiveCfg = Debug|x64
		{B038510D-4889-4D10-B4ED-6A114B2EE3E9}.Debug|x64.Build.0 = Debug|x64
		{B038510D-4889-4D10-B4ED-6A114B2EE3E9}.Debug|x86.ActiveCfg = Debug|Win32
		{B038510D-4889-4D10-B4ED-6A114B2EE3E9}.Debug|x86.Build.0 = Debug|Win32
		{B038510D-4889-4D10-B4ED-6A114B2EE3E9}.Release|x64.ActiveCfg = Release|x64
		{B038510D-4889-4D10-B4ED-6A114B2EE3E9}.Release|x64.Build.0 = Release|x64
		{B038510D-4889-4D10-B4ED-6A114B2EE3E9}.Release|x86.ActiveCfg = Release|Win32
		{B038510D-4889-4D10-B4ED-6A114B2EE3E9}.Release|x86.Build.0 = Release|Win32
		{F4FA7581-A014-4666-BAA8-15B514F0E35E}.Debug|x64.ActiveCfg = Debug|x64
		{F4FA7581-A014-4666-BAA8-15B514F0E35E}.Debug|x64.Build.0 = Debug|x64
		{F4FA7581-A014-4666-BAA8-15B514F0E35E}.Debug|x86.ActiveCfg = Debug|Win32
		{F4FA7581-A014-4666-BAA8-15B514F0E35E}.Debug|x86.Build.0 = Debug|Win32
		{F4FA7581-A014-4666-BAA8-15B514F0E35E}.Release|x64.ActiveCfg = Release|x64
		{F4FA7581-A014-4666-BAA8-15B514F0E35E}.Release|x64.Build.0 = Release|x64
		{F4FA7581-A014-4666-BAA8-15B514F0E35E}.Release|x86.ActiveCfg = Release|Win32
		{F4FA7581-A014-4666-BAA8-15B514F0E35E}.Release|x86.Build.0 = Release|Win32
		{92CA8700-43C3-40B2-83E9-009264681AA7}.Debug|x64.ActiveCfg = Debug|x64
		{92CA8700-43C3-40B2-83E9-009264681AA7}.Debug|x64.Build.0 = Debug|x64
		{92CA8700-43C3-40B2-83E9-009264681AA7}.Debug|x86.ActiveCfg = Debug|Win32
		{92CA8700-43C3-40B2-83E9-009264681AA7}.Debug|x86.Build.0 = Debug|Win32
		{92CA8700-43C3-40B2-83E9-009264681AA7}.Release|x64.ActiveCfg = Release|x64
		{92CA8700-43C3-40B2-83E9-009264681AA7}.Release|x64.Build.0 = Release|x64
		{92CA8700-43C3-40B2-83E9-009264681AA7}.Release|x86.ActiveCfg = Release|Win32
		{92CA8700-43C3-40B2-83E9-009264681AA7}.Release|x86.Build.0 = Release|Win32
		{DA907E7C-5793-4D8A-B79E-780269C37A06}.Debug|x64.ActiveCfg = Debug|x64
		{DA907E7C-5793-4D8A-B79E-780269C37A06}.Debug|x64.Build.0 = Debug|x64
		{DA907E7C-5793-4D8A-B79E-780269C37A06}.Debug|x86.ActiveCfg = Debug|Win32
		{DA907E7C-5793-4D8A-B79E-780269C37A06}.Debug|x86.Build.0 = Debug|Win32
		{DA907E7C-5793-4D8A-B79E-780269C37A06}.Release|x64.ActiveCfg = Release|x64
		{DA907E7C-5793-4D8A-B79E-780269C37A06}.Release|x64.Build.0 = Release|x64
		{DA907E7C-5793-4D8A-B79E-780269C37A06}.Release|x86.ActiveCfg = Release|Win32
		{DA907E7C-5793-4D8A-B79E-780269C37A06}.Release|x86.Build.0 = Release|Win32
		{0B1C9DD8-3B70-4BAC-9711-E3AB8CA14F61}.Debug|x64.ActiveCfg = Debug|x64
		{0B1C9DD8-3B70-4BAC-9711-E3AB8CA14F61}.Debug|x64.Build.0 = Debug|x64
		{0B1C9DD8-3B70-4BAC-9711-E3AB8CA14F61}.Debug|x86.ActiveCfg = Debug|Win32
		{0B1C9DD8-3B70-4BAC-9711-E3AB8CA14F61}.Debug|x86.Build.0 = Debug|Win32
		{0B1C9DD8-3B70-4BAC-9711-E3AB8CA14F61}.Release|x64.ActiveCfg = Release|x64
		{0B1C9DD8-3B70-4BAC-9711-E3AB8CA14F61}.Release|x64.Build.0 = Release|x64
		{0B1C9DD8-3B70-4BAC-9711-E3AB8CA14F61}.Release|x86.ActiveCfg = Release|Win32
		{0B1C9DD8-3B70-4BAC-9711-E3AB8CA14F61}.Release|x86.Build.0 = Release|Win32
		{E53FC277-41EC-4C75-99EB-A5EC882BA9ED}.Debug|x64.ActiveCfg = Debug|x64
		{E53FC277-41EC-4C75-99EB-A5EC882BA9ED}.Debug|x64.Build.0 = Debug|x64
		{E53FC277-41EC-4C75-99EB-A5EC882BA9ED}.Debug|x86.ActiveCfg = Debug|Win32
		{E53FC277-41EC-4C75-99EB-A5EC882BA9ED}.Debug|x86.Build.0 = Debug|Win32
		{E53FC277-41EC-4C75-99EB-A5EC882BA9ED}.Release|x64.ActiveCfg = Release|x64
		{E53FC277-41EC-4C75-99EB-A5EC882BA9ED}.Release|x64.Build.0 = Release|x64
		{E53FC277-41EC-4C75-99EB-A5EC882BA9ED}.Release|x86.ActiveCfg = Release|Win32
		{E53FC277-41EC-4C75-99EB-A5EC882BA9ED}.Release|x86.Build.0 = Release|Win32
		{EA1E78FE-02BA-49D5-B8B9-6146C2E2CA51}.Debug|x64.ActiveCfg = Debug|x64
		{EA1E78FE-02BA-49D5-B8B9-6146C2E2CA51}.Debug|x64.Build.0 = Debug|x64
		{EA1E78FE-02BA-49D5-B8B9-6146C2E2CA51}.Debug|x86.ActiveCfg = Debug|Win32
		{EA1E78FE-02BA-49D5-B8B9-6146C2E2CA51}.Debug|x86.Build.0 = Debug|Win32
		{EA1E78FE-02BA-49D5-B8B9-6146C2E2CA51}.Release|x64.ActiveCfg = Release|x64
		{EA1E78FE-02BA-49D5-B8B9-6146C2E2CA51}.Release|x64.Build.0 = Release|x64
		{EA1E78FE-02BA-49D5-B8B9-6146C2E2CA51}.Release|x86.ActiveCfg = Release|Win32
		{EA1E78FE-02BA-49D5-B8B9-6146C2E2CA51}.Release|x86.Build.0 = Release|Win32
	EndGlobalSection
	GlobalSection(SolutionProperties) = preSolution
		HideSolutionNode = FALSE
	EndGlobalSection
	GlobalSection(ExtensibilityGlobals) = postSolution
		SolutionGuid = {3C3FE044-2E30-48E4-8D1C-606AE90DAAE1}
	EndGlobalSection
EndGlobal
