
Microsoft Visual Studio Solution File, Format Version 12.00
# Visual Studio Version 17
VisualStudioVersion = 17.3.32819.101
MinimumVisualStudioVersion = 10.0.40219.1
Project("{8BC9CEB8-8B4A-11D0-8D11-00A0C91BC942}") = "B_Drill01", "B_Drill01\B_Drill01.vcxproj", "{5139B0B9-FBD7-461E-98FA-78CAE1A67038}"
EndProject
Project("{8BC9CEB8-8B4A-11D0-8D11-00A0C91BC942}") = "B_Drill02", "B_Drill02\B_Drill02.vcxproj", "{A252E2EB-949D-4EEF-90E7-5E6E396C56D1}"
EndProject
Project("{8BC9CEB8-8B4A-11D0-8D11-00A0C91BC942}") = "B_Drill03", "B_Drill03\B_Drill03.vcxproj", "{0EED7FA0-64C5-4BCB-84BC-5FC643DBD4DC}"
EndProject
Project("{8BC9CEB8-8B4A-11D0-8D11-00A0C91BC942}") = "B_Drill04", "B_Drill04\B_Drill04.vcxproj", "{4C49E8A2-BAF5-4145-A01E-77477B850DE8}"
EndProject
Project("{8BC9CEB8-8B4A-11D0-8D11-00A0C91BC942}") = "B_Drill05", "B_Drill05\B_Drill05.vcxproj", "{E7F04B22-6F6F-4E7B-8F79-CA988D1369D2}"
EndProject
Project("{8BC9CEB8-8B4A-11D0-8D11-00A0C91BC942}") = "C_Exercise02", "C_Exercise02\C_Exercise02.vcxproj", "{6DA2B079-77BA-423F-B8B1-6C5034802F77}"
EndProject
Project("{8BC9CEB8-8B4A-11D0-8D11-00A0C91BC942}") = "C_Exercise03", "C_Exercise03\C_Exercise03.vcxproj", "{1C8BF959-E5FF-4EA6-BCC7-DEFDD5446829}"
EndProject
Project("{8BC9CEB8-8B4A-11D0-8D11-00A0C91BC942}") = "C_Exercise04", "C_Exercise04\C_Exercise04.vcxproj", "{453050AA-D9AE-48C0-BC20-5B179F43D708}"
EndProject
Project("{8BC9CEB8-8B4A-11D0-8D11-00A0C91BC942}") = "C_Exercise05", "C_Exercise05\C_Exercise05.vcxproj", "{EE71D291-2EE1-479C-A74A-860DFBA06D0B}"
EndProject
Project("{8BC9CEB8-8B4A-11D0-8D11-00A0C91BC942}") = "C_Exercise10", "C_Exercise10\C_Exercise10.vcxproj", "{AFA3270A-9DE9-42B4-8A06-E9E91B55A1C5}"
EndProject
Project("{8BC9CEB8-8B4A-11D0-8D11-00A0C91BC942}") = "C_Exercise12", "C_Exercise12\C_Exercise12.vcxproj", "{B2AD73C8-15D4-45F4-895E-176081C2B501}"
EndProject
Project("{8BC9CEB8-8B4A-11D0-8D11-00A0C91BC942}") = "C_Exercise13", "C_Exercise13\C_Exercise13.vcxproj", "{FC312D21-68E7-4306-BE6D-7AA7401F8570}"
EndProject
Project("{8BC9CEB8-8B4A-11D0-8D11-00A0C91BC942}") = "C_Exercise14", "C_Exercise14\C_Exercise14.vcxproj", "{EEBEC1FF-0C80-4954-83F5-0A0553A39843}"
EndProject
Global
	GlobalSection(SolutionConfigurationPlatforms) = preSolution
		Debug|x64 = Debug|x64
		Debug|x86 = Debug|x86
		Release|x64 = Release|x64
		Release|x86 = Release|x86
	EndGlobalSection
	GlobalSection(ProjectConfigurationPlatforms) = postSolution
		{5139B0B9-FBD7-461E-98FA-78CAE1A67038}.Debug|x64.ActiveCfg = Debug|x64
		{5139B0B9-FBD7-461E-98FA-78CAE1A67038}.Debug|x64.Build.0 = Debug|x64
		{5139B0B9-FBD7-461E-98FA-78CAE1A67038}.Debug|x86.ActiveCfg = Debug|Win32
		{5139B0B9-FBD7-461E-98FA-78CAE1A67038}.Debug|x86.Build.0 = Debug|Win32
		{5139B0B9-FBD7-461E-98FA-78CAE1A67038}.Release|x64.ActiveCfg = Release|x64
		{5139B0B9-FBD7-461E-98FA-78CAE1A67038}.Release|x64.Build.0 = Release|x64
		{5139B0B9-FBD7-461E-98FA-78CAE1A67038}.Release|x86.ActiveCfg = Release|Win32
		{5139B0B9-FBD7-461E-98FA-78CAE1A67038}.Release|x86.Build.0 = Release|Win32
		{A252E2EB-949D-4EEF-90E7-5E6E396C56D1}.Debug|x64.ActiveCfg = Debug|x64
		{A252E2EB-949D-4EEF-90E7-5E6E396C56D1}.Debug|x64.Build.0 = Debug|x64
		{A252E2EB-949D-4EEF-90E7-5E6E396C56D1}.Debug|x86.ActiveCfg = Debug|Win32
		{A252E2EB-949D-4EEF-90E7-5E6E396C56D1}.Debug|x86.Build.0 = Debug|Win32
		{A252E2EB-949D-4EEF-90E7-5E6E396C56D1}.Release|x64.ActiveCfg = Release|x64
		{A252E2EB-949D-4EEF-90E7-5E6E396C56D1}.Release|x64.Build.0 = Release|x64
		{A252E2EB-949D-4EEF-90E7-5E6E396C56D1}.Release|x86.ActiveCfg = Release|Win32
		{A252E2EB-949D-4EEF-90E7-5E6E396C56D1}.Release|x86.Build.0 = Release|Win32
		{0EED7FA0-64C5-4BCB-84BC-5FC643DBD4DC}.Debug|x64.ActiveCfg = Debug|x64
		{0EED7FA0-64C5-4BCB-84BC-5FC643DBD4DC}.Debug|x64.Build.0 = Debug|x64
		{0EED7FA0-64C5-4BCB-84BC-5FC643DBD4DC}.Debug|x86.ActiveCfg = Debug|Win32
		{0EED7FA0-64C5-4BCB-84BC-5FC643DBD4DC}.Debug|x86.Build.0 = Debug|Win32
		{0EED7FA0-64C5-4BCB-84BC-5FC643DBD4DC}.Release|x64.ActiveCfg = Release|x64
		{0EED7FA0-64C5-4BCB-84BC-5FC643DBD4DC}.Release|x64.Build.0 = Release|x64
		{0EED7FA0-64C5-4BCB-84BC-5FC643DBD4DC}.Release|x86.ActiveCfg = Release|Win32
		{0EED7FA0-64C5-4BCB-84BC-5FC643DBD4DC}.Release|x86.Build.0 = Release|Win32
		{4C49E8A2-BAF5-4145-A01E-77477B850DE8}.Debug|x64.ActiveCfg = Debug|x64
		{4C49E8A2-BAF5-4145-A01E-77477B850DE8}.Debug|x64.Build.0 = Debug|x64
		{4C49E8A2-BAF5-4145-A01E-77477B850DE8}.Debug|x86.ActiveCfg = Debug|Win32
		{4C49E8A2-BAF5-4145-A01E-77477B850DE8}.Debug|x86.Build.0 = Debug|Win32
		{4C49E8A2-BAF5-4145-A01E-77477B850DE8}.Release|x64.ActiveCfg = Release|x64
		{4C49E8A2-BAF5-4145-A01E-77477B850DE8}.Release|x64.Build.0 = Release|x64
		{4C49E8A2-BAF5-4145-A01E-77477B850DE8}.Release|x86.ActiveCfg = Release|Win32
		{4C49E8A2-BAF5-4145-A01E-77477B850DE8}.Release|x86.Build.0 = Release|Win32
		{E7F04B22-6F6F-4E7B-8F79-CA988D1369D2}.Debug|x64.ActiveCfg = Debug|x64
		{E7F04B22-6F6F-4E7B-8F79-CA988D1369D2}.Debug|x64.Build.0 = Debug|x64
		{E7F04B22-6F6F-4E7B-8F79-CA988D1369D2}.Debug|x86.ActiveCfg = Debug|Win32
		{E7F04B22-6F6F-4E7B-8F79-CA988D1369D2}.Debug|x86.Build.0 = Debug|Win32
		{E7F04B22-6F6F-4E7B-8F79-CA988D1369D2}.Release|x64.ActiveCfg = Release|x64
		{E7F04B22-6F6F-4E7B-8F79-CA988D1369D2}.Release|x64.Build.0 = Release|x64
		{E7F04B22-6F6F-4E7B-8F79-CA988D1369D2}.Release|x86.ActiveCfg = Release|Win32
		{E7F04B22-6F6F-4E7B-8F79-CA988D1369D2}.Release|x86.Build.0 = Release|Win32
		{6DA2B079-77BA-423F-B8B1-6C5034802F77}.Debug|x64.ActiveCfg = Debug|x64
		{6DA2B079-77BA-423F-B8B1-6C5034802F77}.Debug|x64.Build.0 = Debug|x64
		{6DA2B079-77BA-423F-B8B1-6C5034802F77}.Debug|x86.ActiveCfg = Debug|Win32
		{6DA2B079-77BA-423F-B8B1-6C5034802F77}.Debug|x86.Build.0 = Debug|Win32
		{6DA2B079-77BA-423F-B8B1-6C5034802F77}.Release|x64.ActiveCfg = Release|x64
		{6DA2B079-77BA-423F-B8B1-6C5034802F77}.Release|x64.Build.0 = Release|x64
		{6DA2B079-77BA-423F-B8B1-6C5034802F77}.Release|x86.ActiveCfg = Release|Win32
		{6DA2B079-77BA-423F-B8B1-6C5034802F77}.Release|x86.Build.0 = Release|Win32
		{1C8BF959-E5FF-4EA6-BCC7-DEFDD5446829}.Debug|x64.ActiveCfg = Debug|x64
		{1C8BF959-E5FF-4EA6-BCC7-DEFDD5446829}.Debug|x64.Build.0 = Debug|x64
		{1C8BF959-E5FF-4EA6-BCC7-DEFDD5446829}.Debug|x86.ActiveCfg = Debug|Win32
		{1C8BF959-E5FF-4EA6-BCC7-DEFDD5446829}.Debug|x86.Build.0 = Debug|Win32
		{1C8BF959-E5FF-4EA6-BCC7-DEFDD5446829}.Release|x64.ActiveCfg = Release|x64
		{1C8BF959-E5FF-4EA6-BCC7-DEFDD5446829}.Release|x64.Build.0 = Release|x64
		{1C8BF959-E5FF-4EA6-BCC7-DEFDD5446829}.Release|x86.ActiveCfg = Release|Win32
		{1C8BF959-E5FF-4EA6-BCC7-DEFDD5446829}.Release|x86.Build.0 = Release|Win32
		{453050AA-D9AE-48C0-BC20-5B179F43D708}.Debug|x64.ActiveCfg = Debug|x64
		{453050AA-D9AE-48C0-BC20-5B179F43D708}.Debug|x64.Build.0 = Debug|x64
		{453050AA-D9AE-48C0-BC20-5B179F43D708}.Debug|x86.ActiveCfg = Debug|Win32
		{453050AA-D9AE-48C0-BC20-5B179F43D708}.Debug|x86.Build.0 = Debug|Win32
		{453050AA-D9AE-48C0-BC20-5B179F43D708}.Release|x64.ActiveCfg = Release|x64
		{453050AA-D9AE-48C0-BC20-5B179F43D708}.Release|x64.Build.0 = Release|x64
		{453050AA-D9AE-48C0-BC20-5B179F43D708}.Release|x86.ActiveCfg = Release|Win32
		{453050AA-D9AE-48C0-BC20-5B179F43D708}.Release|x86.Build.0 = Release|Win32
		{EE71D291-2EE1-479C-A74A-860DFBA06D0B}.Debug|x64.ActiveCfg = Debug|x64
		{EE71D291-2EE1-479C-A74A-860DFBA06D0B}.Debug|x64.Build.0 = Debug|x64
		{EE71D291-2EE1-479C-A74A-860DFBA06D0B}.Debug|x86.ActiveCfg = Debug|Win32
		{EE71D291-2EE1-479C-A74A-860DFBA06D0B}.Debug|x86.Build.0 = Debug|Win32
		{EE71D291-2EE1-479C-A74A-860DFBA06D0B}.Release|x64.ActiveCfg = Release|x64
		{EE71D291-2EE1-479C-A74A-860DFBA06D0B}.Release|x64.Build.0 = Release|x64
		{EE71D291-2EE1-479C-A74A-860DFBA06D0B}.Release|x86.ActiveCfg = Release|Win32
		{EE71D291-2EE1-479C-A74A-860DFBA06D0B}.Release|x86.Build.0 = Release|Win32
		{AFA3270A-9DE9-42B4-8A06-E9E91B55A1C5}.Debug|x64.ActiveCfg = Debug|x64
		{AFA3270A-9DE9-42B4-8A06-E9E91B55A1C5}.Debug|x64.Build.0 = Debug|x64
		{AFA3270A-9DE9-42B4-8A06-E9E91B55A1C5}.Debug|x86.ActiveCfg = Debug|Win32
		{AFA3270A-9DE9-42B4-8A06-E9E91B55A1C5}.Debug|x86.Build.0 = Debug|Win32
		{AFA3270A-9DE9-42B4-8A06-E9E91B55A1C5}.Release|x64.ActiveCfg = Release|x64
		{AFA3270A-9DE9-42B4-8A06-E9E91B55A1C5}.Release|x64.Build.0 = Release|x64
		{AFA3270A-9DE9-42B4-8A06-E9E91B55A1C5}.Release|x86.ActiveCfg = Release|Win32
		{AFA3270A-9DE9-42B4-8A06-E9E91B55A1C5}.Release|x86.Build.0 = Release|Win32
		{B2AD73C8-15D4-45F4-895E-176081C2B501}.Debug|x64.ActiveCfg = Debug|x64
		{B2AD73C8-15D4-45F4-895E-176081C2B501}.Debug|x64.Build.0 = Debug|x64
		{B2AD73C8-15D4-45F4-895E-176081C2B501}.Debug|x86.ActiveCfg = Debug|Win32
		{B2AD73C8-15D4-45F4-895E-176081C2B501}.Debug|x86.Build.0 = Debug|Win32
		{B2AD73C8-15D4-45F4-895E-176081C2B501}.Release|x64.ActiveCfg = Release|x64
		{B2AD73C8-15D4-45F4-895E-176081C2B501}.Release|x64.Build.0 = Release|x64
		{B2AD73C8-15D4-45F4-895E-176081C2B501}.Release|x86.ActiveCfg = Release|Win32
		{B2AD73C8-15D4-45F4-895E-176081C2B501}.Release|x86.Build.0 = Release|Win32
		{FC312D21-68E7-4306-BE6D-7AA7401F8570}.Debug|x64.ActiveCfg = Debug|x64
		{FC312D21-68E7-4306-BE6D-7AA7401F8570}.Debug|x64.Build.0 = Debug|x64
		{FC312D21-68E7-4306-BE6D-7AA7401F8570}.Debug|x86.ActiveCfg = Debug|Win32
		{FC312D21-68E7-4306-BE6D-7AA7401F8570}.Debug|x86.Build.0 = Debug|Win32
		{FC312D21-68E7-4306-BE6D-7AA7401F8570}.Release|x64.ActiveCfg = Release|x64
		{FC312D21-68E7-4306-BE6D-7AA7401F8570}.Release|x64.Build.0 = Release|x64
		{FC312D21-68E7-4306-BE6D-7AA7401F8570}.Release|x86.ActiveCfg = Release|Win32
		{FC312D21-68E7-4306-BE6D-7AA7401F8570}.Release|x86.Build.0 = Release|Win32
		{EEBEC1FF-0C80-4954-83F5-0A0553A39843}.Debug|x64.ActiveCfg = Debug|x64
		{EEBEC1FF-0C80-4954-83F5-0A0553A39843}.Debug|x64.Build.0 = Debug|x64
		{EEBEC1FF-0C80-4954-83F5-0A0553A39843}.Debug|x86.ActiveCfg = Debug|Win32
		{EEBEC1FF-0C80-4954-83F5-0A0553A39843}.Debug|x86.Build.0 = Debug|Win32
		{EEBEC1FF-0C80-4954-83F5-0A0553A39843}.Release|x64.ActiveCfg = Release|x64
		{EEBEC1FF-0C80-4954-83F5-0A0553A39843}.Release|x64.Build.0 = Release|x64
		{EEBEC1FF-0C80-4954-83F5-0A0553A39843}.Release|x86.ActiveCfg = Release|Win32
		{EEBEC1FF-0C80-4954-83F5-0A0553A39843}.Release|x86.Build.0 = Release|Win32
	EndGlobalSection
	GlobalSection(SolutionProperties) = preSolution
		HideSolutionNode = FALSE
	EndGlobalSection
	GlobalSection(ExtensibilityGlobals) = postSolution
		SolutionGuid = {38136466-BB6E-4BDB-B243-8EC0E769A41A}
	EndGlobalSection
EndGlobal
