
Microsoft Visual Studio Solution File, Format Version 12.00
# Visual Studio Version 17
VisualStudioVersion = 17.3.32819.101
MinimumVisualStudioVersion = 10.0.40219.1
Project("{8BC9CEB8-8B4A-11D0-8D11-00A0C91BC942}") = "A_TryThis01", "A_TryThis01\A_TryThis01.vcxproj", "{B884C190-5893-4A5D-9E7E-C522DC8DFCB5}"
EndProject
Project("{8BC9CEB8-8B4A-11D0-8D11-00A0C91BC942}") = "A_TryThis02", "A_TryThis02\A_TryThis02.vcxproj", "{38283841-1E99-4FE6-9197-EF20D8F0FF76}"
EndProject
Project("{8BC9CEB8-8B4A-11D0-8D11-00A0C91BC942}") = "A_TryThis03", "A_TryThis03\A_TryThis03.vcxproj", "{88D10EBE-8116-498F-A273-0E1F9577DA95}"
EndProject
Project("{8BC9CEB8-8B4A-11D0-8D11-00A0C91BC942}") = "A_TryThis04", "A_TryThis04\A_TryThis04.vcxproj", "{7FB06888-3E32-429A-B09D-442EDC7B44C2}"
EndProject
Project("{8BC9CEB8-8B4A-11D0-8D11-00A0C91BC942}") = "A_TryThis05", "A_TryThis05\A_TryThis05.vcxproj", "{16B6AE56-26CB-4F31-9B36-40A4B0550C30}"
EndProject
Project("{8BC9CEB8-8B4A-11D0-8D11-00A0C91BC942}") = "A_TryThis06", "A_TryThis06\A_TryThis06.vcxproj", "{7F279487-40E4-453F-B9A2-F42B8A6B0BAB}"
EndProject
Project("{8BC9CEB8-8B4A-11D0-8D11-00A0C91BC942}") = "A_TryThis09", "A_TryThis09\A_TryThis09.vcxproj", "{ABC761DB-4E1B-4D65-B32D-84FDAFDBEAB6}"
EndProject
Project("{8BC9CEB8-8B4A-11D0-8D11-00A0C91BC942}") = "B_Drill01", "B_Drill01\B_Drill01.vcxproj", "{2885C519-03AC-4B47-AB26-D83E3204C1C6}"
EndProject
Project("{8BC9CEB8-8B4A-11D0-8D11-00A0C91BC942}") = "C_Exercise02", "C_Exercise02\C_Exercise02.vcxproj", "{0D818C60-B15E-4EAE-B0A2-917E36A8B529}"
EndProject
Project("{8BC9CEB8-8B4A-11D0-8D11-00A0C91BC942}") = "C_Exercise03", "C_Exercise03\C_Exercise03.vcxproj", "{01678B75-01E3-40FE-A269-C1A88F27616F}"
EndProject
Project("{8BC9CEB8-8B4A-11D0-8D11-00A0C91BC942}") = "C_Exercise04", "C_Exercise04\C_Exercise04.vcxproj", "{D547376B-781E-46B8-9DBD-F742833A2ECA}"
EndProject
Project("{8BC9CEB8-8B4A-11D0-8D11-00A0C91BC942}") = "C_Exercise05", "C_Exercise05\C_Exercise05.vcxproj", "{C973D028-35C5-491D-8B2C-606FF09971CE}"
EndProject
Project("{8BC9CEB8-8B4A-11D0-8D11-00A0C91BC942}") = "C_Exercise06", "C_Exercise06\C_Exercise06.vcxproj", "{D62E0532-4682-430E-BE83-2D06F5F39791}"
EndProject
Project("{8BC9CEB8-8B4A-11D0-8D11-00A0C91BC942}") = "C_Exercise07", "C_Exercise07\C_Exercise07.vcxproj", "{19F537A2-471A-4FBB-AAC3-C80CAB6D7FB6}"
EndProject
Project("{8BC9CEB8-8B4A-11D0-8D11-00A0C91BC942}") = "C_Exercise08", "C_Exercise08\C_Exercise08.vcxproj", "{13982880-AB3D-48AE-94DE-C38995C0E806}"
EndProject
Project("{8BC9CEB8-8B4A-11D0-8D11-00A0C91BC942}") = "C_Exercise10", "C_Exercise10\C_Exercise10.vcxproj", "{5F007375-B966-49B3-BAE2-3BC034C99330}"
EndProject
Project("{8BC9CEB8-8B4A-11D0-8D11-00A0C91BC942}") = "C_Exercise11", "C_Exercise11\C_Exercise11.vcxproj", "{836721B6-8A79-42E4-AA2C-2ED3AFE116AF}"
EndProject
Project("{8BC9CEB8-8B4A-11D0-8D11-00A0C91BC942}") = "C_Exercise12", "C_Exercise12\C_Exercise12.vcxproj", "{E0CC240F-CF81-47B8-BE6C-FE4447CAFB75}"
EndProject
Project("{8BC9CEB8-8B4A-11D0-8D11-00A0C91BC942}") = "C_Exercise13", "C_Exercise13\C_Exercise13.vcxproj", "{5CA9E318-6DFC-46DC-AC1F-5AB4A0EACAB6}"
EndProject
Project("{8BC9CEB8-8B4A-11D0-8D11-00A0C91BC942}") = "C_Exercise14", "C_Exercise14\C_Exercise14.vcxproj", "{B0BA416B-DB15-4CB1-9BF5-4D09A76ADC0C}"
EndProject
Global
	GlobalSection(SolutionConfigurationPlatforms) = preSolution
		Debug|x64 = Debug|x64
		Debug|x86 = Debug|x86
		Release|x64 = Release|x64
		Release|x86 = Release|x86
	EndGlobalSection
	GlobalSection(ProjectConfigurationPlatforms) = postSolution
		{B884C190-5893-4A5D-9E7E-C522DC8DFCB5}.Debug|x64.ActiveCfg = Debug|x64
		{B884C190-5893-4A5D-9E7E-C522DC8DFCB5}.Debug|x64.Build.0 = Debug|x64
		{B884C190-5893-4A5D-9E7E-C522DC8DFCB5}.Debug|x86.ActiveCfg = Debug|Win32
		{B884C190-5893-4A5D-9E7E-C522DC8DFCB5}.Debug|x86.Build.0 = Debug|Win32
		{B884C190-5893-4A5D-9E7E-C522DC8DFCB5}.Release|x64.ActiveCfg = Release|x64
		{B884C190-5893-4A5D-9E7E-C522DC8DFCB5}.Release|x64.Build.0 = Release|x64
		{B884C190-5893-4A5D-9E7E-C522DC8DFCB5}.Release|x86.ActiveCfg = Release|Win32
		{B884C190-5893-4A5D-9E7E-C522DC8DFCB5}.Release|x86.Build.0 = Release|Win32
		{38283841-1E99-4FE6-9197-EF20D8F0FF76}.Debug|x64.ActiveCfg = Debug|x64
		{38283841-1E99-4FE6-9197-EF20D8F0FF76}.Debug|x64.Build.0 = Debug|x64
		{38283841-1E99-4FE6-9197-EF20D8F0FF76}.Debug|x86.ActiveCfg = Debug|Win32
		{38283841-1E99-4FE6-9197-EF20D8F0FF76}.Debug|x86.Build.0 = Debug|Win32
		{38283841-1E99-4FE6-9197-EF20D8F0FF76}.Release|x64.ActiveCfg = Release|x64
		{38283841-1E99-4FE6-9197-EF20D8F0FF76}.Release|x64.Build.0 = Release|x64
		{38283841-1E99-4FE6-9197-EF20D8F0FF76}.Release|x86.ActiveCfg = Release|Win32
		{38283841-1E99-4FE6-9197-EF20D8F0FF76}.Release|x86.Build.0 = Release|Win32
		{88D10EBE-8116-498F-A273-0E1F9577DA95}.Debug|x64.ActiveCfg = Debug|x64
		{88D10EBE-8116-498F-A273-0E1F9577DA95}.Debug|x64.Build.0 = Debug|x64
		{88D10EBE-8116-498F-A273-0E1F9577DA95}.Debug|x86.ActiveCfg = Debug|Win32
		{88D10EBE-8116-498F-A273-0E1F9577DA95}.Debug|x86.Build.0 = Debug|Win32
		{88D10EBE-8116-498F-A273-0E1F9577DA95}.Release|x64.ActiveCfg = Release|x64
		{88D10EBE-8116-498F-A273-0E1F9577DA95}.Release|x64.Build.0 = Release|x64
		{88D10EBE-8116-498F-A273-0E1F9577DA95}.Release|x86.ActiveCfg = Release|Win32
		{88D10EBE-8116-498F-A273-0E1F9577DA95}.Release|x86.Build.0 = Release|Win32
		{7FB06888-3E32-429A-B09D-442EDC7B44C2}.Debug|x64.ActiveCfg = Debug|x64
		{7FB06888-3E32-429A-B09D-442EDC7B44C2}.Debug|x64.Build.0 = Debug|x64
		{7FB06888-3E32-429A-B09D-442EDC7B44C2}.Debug|x86.ActiveCfg = Debug|Win32
		{7FB06888-3E32-429A-B09D-442EDC7B44C2}.Debug|x86.Build.0 = Debug|Win32
		{7FB06888-3E32-429A-B09D-442EDC7B44C2}.Release|x64.ActiveCfg = Release|x64
		{7FB06888-3E32-429A-B09D-442EDC7B44C2}.Release|x64.Build.0 = Release|x64
		{7FB06888-3E32-429A-B09D-442EDC7B44C2}.Release|x86.ActiveCfg = Release|Win32
		{7FB06888-3E32-429A-B09D-442EDC7B44C2}.Release|x86.Build.0 = Release|Win32
		{16B6AE56-26CB-4F31-9B36-40A4B0550C30}.Debug|x64.ActiveCfg = Debug|x64
		{16B6AE56-26CB-4F31-9B36-40A4B0550C30}.Debug|x64.Build.0 = Debug|x64
		{16B6AE56-26CB-4F31-9B36-40A4B0550C30}.Debug|x86.ActiveCfg = Debug|Win32
		{16B6AE56-26CB-4F31-9B36-40A4B0550C30}.Debug|x86.Build.0 = Debug|Win32
		{16B6AE56-26CB-4F31-9B36-40A4B0550C30}.Release|x64.ActiveCfg = Release|x64
		{16B6AE56-26CB-4F31-9B36-40A4B0550C30}.Release|x64.Build.0 = Release|x64
		{16B6AE56-26CB-4F31-9B36-40A4B0550C30}.Release|x86.ActiveCfg = Release|Win32
		{16B6AE56-26CB-4F31-9B36-40A4B0550C30}.Release|x86.Build.0 = Release|Win32
		{7F279487-40E4-453F-B9A2-F42B8A6B0BAB}.Debug|x64.ActiveCfg = Debug|x64
		{7F279487-40E4-453F-B9A2-F42B8A6B0BAB}.Debug|x64.Build.0 = Debug|x64
		{7F279487-40E4-453F-B9A2-F42B8A6B0BAB}.Debug|x86.ActiveCfg = Debug|Win32
		{7F279487-40E4-453F-B9A2-F42B8A6B0BAB}.Debug|x86.Build.0 = Debug|Win32
		{7F279487-40E4-453F-B9A2-F42B8A6B0BAB}.Release|x64.ActiveCfg = Release|x64
		{7F279487-40E4-453F-B9A2-F42B8A6B0BAB}.Release|x64.Build.0 = Release|x64
		{7F279487-40E4-453F-B9A2-F42B8A6B0BAB}.Release|x86.ActiveCfg = Release|Win32
		{7F279487-40E4-453F-B9A2-F42B8A6B0BAB}.Release|x86.Build.0 = Release|Win32
		{ABC761DB-4E1B-4D65-B32D-84FDAFDBEAB6}.Debug|x64.ActiveCfg = Debug|x64
		{ABC761DB-4E1B-4D65-B32D-84FDAFDBEAB6}.Debug|x64.Build.0 = Debug|x64
		{ABC761DB-4E1B-4D65-B32D-84FDAFDBEAB6}.Debug|x86.ActiveCfg = Debug|Win32
		{ABC761DB-4E1B-4D65-B32D-84FDAFDBEAB6}.Debug|x86.Build.0 = Debug|Win32
		{ABC761DB-4E1B-4D65-B32D-84FDAFDBEAB6}.Release|x64.ActiveCfg = Release|x64
		{ABC761DB-4E1B-4D65-B32D-84FDAFDBEAB6}.Release|x64.Build.0 = Release|x64
		{ABC761DB-4E1B-4D65-B32D-84FDAFDBEAB6}.Release|x86.ActiveCfg = Release|Win32
		{ABC761DB-4E1B-4D65-B32D-84FDAFDBEAB6}.Release|x86.Build.0 = Release|Win32
		{2885C519-03AC-4B47-AB26-D83E3204C1C6}.Debug|x64.ActiveCfg = Debug|x64
		{2885C519-03AC-4B47-AB26-D83E3204C1C6}.Debug|x64.Build.0 = Debug|x64
		{2885C519-03AC-4B47-AB26-D83E3204C1C6}.Debug|x86.ActiveCfg = Debug|Win32
		{2885C519-03AC-4B47-AB26-D83E3204C1C6}.Debug|x86.Build.0 = Debug|Win32
		{2885C519-03AC-4B47-AB26-D83E3204C1C6}.Release|x64.ActiveCfg = Release|x64
		{2885C519-03AC-4B47-AB26-D83E3204C1C6}.Release|x64.Build.0 = Release|x64
		{2885C519-03AC-4B47-AB26-D83E3204C1C6}.Release|x86.ActiveCfg = Release|Win32
		{2885C519-03AC-4B47-AB26-D83E3204C1C6}.Release|x86.Build.0 = Release|Win32
		{0D818C60-B15E-4EAE-B0A2-917E36A8B529}.Debug|x64.ActiveCfg = Debug|x64
		{0D818C60-B15E-4EAE-B0A2-917E36A8B529}.Debug|x64.Build.0 = Debug|x64
		{0D818C60-B15E-4EAE-B0A2-917E36A8B529}.Debug|x86.ActiveCfg = Debug|Win32
		{0D818C60-B15E-4EAE-B0A2-917E36A8B529}.Debug|x86.Build.0 = Debug|Win32
		{0D818C60-B15E-4EAE-B0A2-917E36A8B529}.Release|x64.ActiveCfg = Release|x64
		{0D818C60-B15E-4EAE-B0A2-917E36A8B529}.Release|x64.Build.0 = Release|x64
		{0D818C60-B15E-4EAE-B0A2-917E36A8B529}.Release|x86.ActiveCfg = Release|Win32
		{0D818C60-B15E-4EAE-B0A2-917E36A8B529}.Release|x86.Build.0 = Release|Win32
		{01678B75-01E3-40FE-A269-C1A88F27616F}.Debug|x64.ActiveCfg = Debug|x64
		{01678B75-01E3-40FE-A269-C1A88F27616F}.Debug|x64.Build.0 = Debug|x64
		{01678B75-01E3-40FE-A269-C1A88F27616F}.Debug|x86.ActiveCfg = Debug|Win32
		{01678B75-01E3-40FE-A269-C1A88F27616F}.Debug|x86.Build.0 = Debug|Win32
		{01678B75-01E3-40FE-A269-C1A88F27616F}.Release|x64.ActiveCfg = Release|x64
		{01678B75-01E3-40FE-A269-C1A88F27616F}.Release|x64.Build.0 = Release|x64
		{01678B75-01E3-40FE-A269-C1A88F27616F}.Release|x86.ActiveCfg = Release|Win32
		{01678B75-01E3-40FE-A269-C1A88F27616F}.Release|x86.Build.0 = Release|Win32
		{D547376B-781E-46B8-9DBD-F742833A2ECA}.Debug|x64.ActiveCfg = Debug|x64
		{D547376B-781E-46B8-9DBD-F742833A2ECA}.Debug|x64.Build.0 = Debug|x64
		{D547376B-781E-46B8-9DBD-F742833A2ECA}.Debug|x86.ActiveCfg = Debug|Win32
		{D547376B-781E-46B8-9DBD-F742833A2ECA}.Debug|x86.Build.0 = Debug|Win32
		{D547376B-781E-46B8-9DBD-F742833A2ECA}.Release|x64.ActiveCfg = Release|x64
		{D547376B-781E-46B8-9DBD-F742833A2ECA}.Release|x64.Build.0 = Release|x64
		{D547376B-781E-46B8-9DBD-F742833A2ECA}.Release|x86.ActiveCfg = Release|Win32
		{D547376B-781E-46B8-9DBD-F742833A2ECA}.Release|x86.Build.0 = Release|Win32
		{C973D028-35C5-491D-8B2C-606FF09971CE}.Debug|x64.ActiveCfg = Debug|x64
		{C973D028-35C5-491D-8B2C-606FF09971CE}.Debug|x64.Build.0 = Debug|x64
		{C973D028-35C5-491D-8B2C-606FF09971CE}.Debug|x86.ActiveCfg = Debug|Win32
		{C973D028-35C5-491D-8B2C-606FF09971CE}.Debug|x86.Build.0 = Debug|Win32
		{C973D028-35C5-491D-8B2C-606FF09971CE}.Release|x64.ActiveCfg = Release|x64
		{C973D028-35C5-491D-8B2C-606FF09971CE}.Release|x64.Build.0 = Release|x64
		{C973D028-35C5-491D-8B2C-606FF09971CE}.Release|x86.ActiveCfg = Release|Win32
		{C973D028-35C5-491D-8B2C-606FF09971CE}.Release|x86.Build.0 = Release|Win32
		{D62E0532-4682-430E-BE83-2D06F5F39791}.Debug|x64.ActiveCfg = Debug|x64
		{D62E0532-4682-430E-BE83-2D06F5F39791}.Debug|x64.Build.0 = Debug|x64
		{D62E0532-4682-430E-BE83-2D06F5F39791}.Debug|x86.ActiveCfg = Debug|Win32
		{D62E0532-4682-430E-BE83-2D06F5F39791}.Debug|x86.Build.0 = Debug|Win32
		{D62E0532-4682-430E-BE83-2D06F5F39791}.Release|x64.ActiveCfg = Release|x64
		{D62E0532-4682-430E-BE83-2D06F5F39791}.Release|x64.Build.0 = Release|x64
		{D62E0532-4682-430E-BE83-2D06F5F39791}.Release|x86.ActiveCfg = Release|Win32
		{D62E0532-4682-430E-BE83-2D06F5F39791}.Release|x86.Build.0 = Release|Win32
		{19F537A2-471A-4FBB-AAC3-C80CAB6D7FB6}.Debug|x64.ActiveCfg = Debug|x64
		{19F537A2-471A-4FBB-AAC3-C80CAB6D7FB6}.Debug|x64.Build.0 = Debug|x64
		{19F537A2-471A-4FBB-AAC3-C80CAB6D7FB6}.Debug|x86.ActiveCfg = Debug|Win32
		{19F537A2-471A-4FBB-AAC3-C80CAB6D7FB6}.Debug|x86.Build.0 = Debug|Win32
		{19F537A2-471A-4FBB-AAC3-C80CAB6D7FB6}.Release|x64.ActiveCfg = Release|x64
		{19F537A2-471A-4FBB-AAC3-C80CAB6D7FB6}.Release|x64.Build.0 = Release|x64
		{19F537A2-471A-4FBB-AAC3-C80CAB6D7FB6}.Release|x86.ActiveCfg = Release|Win32
		{19F537A2-471A-4FBB-AAC3-C80CAB6D7FB6}.Release|x86.Build.0 = Release|Win32
		{13982880-AB3D-48AE-94DE-C38995C0E806}.Debug|x64.ActiveCfg = Debug|x64
		{13982880-AB3D-48AE-94DE-C38995C0E806}.Debug|x64.Build.0 = Debug|x64
		{13982880-AB3D-48AE-94DE-C38995C0E806}.Debug|x86.ActiveCfg = Debug|Win32
		{13982880-AB3D-48AE-94DE-C38995C0E806}.Debug|x86.Build.0 = Debug|Win32
		{13982880-AB3D-48AE-94DE-C38995C0E806}.Release|x64.ActiveCfg = Release|x64
		{13982880-AB3D-48AE-94DE-C38995C0E806}.Release|x64.Build.0 = Release|x64
		{13982880-AB3D-48AE-94DE-C38995C0E806}.Release|x86.ActiveCfg = Release|Win32
		{13982880-AB3D-48AE-94DE-C38995C0E806}.Release|x86.Build.0 = Release|Win32
		{5F007375-B966-49B3-BAE2-3BC034C99330}.Debug|x64.ActiveCfg = Debug|x64
		{5F007375-B966-49B3-BAE2-3BC034C99330}.Debug|x64.Build.0 = Debug|x64
		{5F007375-B966-49B3-BAE2-3BC034C99330}.Debug|x86.ActiveCfg = Debug|Win32
		{5F007375-B966-49B3-BAE2-3BC034C99330}.Debug|x86.Build.0 = Debug|Win32
		{5F007375-B966-49B3-BAE2-3BC034C99330}.Release|x64.ActiveCfg = Release|x64
		{5F007375-B966-49B3-BAE2-3BC034C99330}.Release|x64.Build.0 = Release|x64
		{5F007375-B966-49B3-BAE2-3BC034C99330}.Release|x86.ActiveCfg = Release|Win32
		{5F007375-B966-49B3-BAE2-3BC034C99330}.Release|x86.Build.0 = Release|Win32
		{836721B6-8A79-42E4-AA2C-2ED3AFE116AF}.Debug|x64.ActiveCfg = Debug|x64
		{836721B6-8A79-42E4-AA2C-2ED3AFE116AF}.Debug|x64.Build.0 = Debug|x64
		{836721B6-8A79-42E4-AA2C-2ED3AFE116AF}.Debug|x86.ActiveCfg = Debug|Win32
		{836721B6-8A79-42E4-AA2C-2ED3AFE116AF}.Debug|x86.Build.0 = Debug|Win32
		{836721B6-8A79-42E4-AA2C-2ED3AFE116AF}.Release|x64.ActiveCfg = Release|x64
		{836721B6-8A79-42E4-AA2C-2ED3AFE116AF}.Release|x64.Build.0 = Release|x64
		{836721B6-8A79-42E4-AA2C-2ED3AFE116AF}.Release|x86.ActiveCfg = Release|Win32
		{836721B6-8A79-42E4-AA2C-2ED3AFE116AF}.Release|x86.Build.0 = Release|Win32
		{E0CC240F-CF81-47B8-BE6C-FE4447CAFB75}.Debug|x64.ActiveCfg = Debug|x64
		{E0CC240F-CF81-47B8-BE6C-FE4447CAFB75}.Debug|x64.Build.0 = Debug|x64
		{E0CC240F-CF81-47B8-BE6C-FE4447CAFB75}.Debug|x86.ActiveCfg = Debug|Win32
		{E0CC240F-CF81-47B8-BE6C-FE4447CAFB75}.Debug|x86.Build.0 = Debug|Win32
		{E0CC240F-CF81-47B8-BE6C-FE4447CAFB75}.Release|x64.ActiveCfg = Release|x64
		{E0CC240F-CF81-47B8-BE6C-FE4447CAFB75}.Release|x64.Build.0 = Release|x64
		{E0CC240F-CF81-47B8-BE6C-FE4447CAFB75}.Release|x86.ActiveCfg = Release|Win32
		{E0CC240F-CF81-47B8-BE6C-FE4447CAFB75}.Release|x86.Build.0 = Release|Win32
		{5CA9E318-6DFC-46DC-AC1F-5AB4A0EACAB6}.Debug|x64.ActiveCfg = Debug|x64
		{5CA9E318-6DFC-46DC-AC1F-5AB4A0EACAB6}.Debug|x64.Build.0 = Debug|x64
		{5CA9E318-6DFC-46DC-AC1F-5AB4A0EACAB6}.Debug|x86.ActiveCfg = Debug|Win32
		{5CA9E318-6DFC-46DC-AC1F-5AB4A0EACAB6}.Debug|x86.Build.0 = Debug|Win32
		{5CA9E318-6DFC-46DC-AC1F-5AB4A0EACAB6}.Release|x64.ActiveCfg = Release|x64
		{5CA9E318-6DFC-46DC-AC1F-5AB4A0EACAB6}.Release|x64.Build.0 = Release|x64
		{5CA9E318-6DFC-46DC-AC1F-5AB4A0EACAB6}.Release|x86.ActiveCfg = Release|Win32
		{5CA9E318-6DFC-46DC-AC1F-5AB4A0EACAB6}.Release|x86.Build.0 = Release|Win32
		{B0BA416B-DB15-4CB1-9BF5-4D09A76ADC0C}.Debug|x64.ActiveCfg = Debug|x64
		{B0BA416B-DB15-4CB1-9BF5-4D09A76ADC0C}.Debug|x64.Build.0 = Debug|x64
		{B0BA416B-DB15-4CB1-9BF5-4D09A76ADC0C}.Debug|x86.ActiveCfg = Debug|Win32
		{B0BA416B-DB15-4CB1-9BF5-4D09A76ADC0C}.Debug|x86.Build.0 = Debug|Win32
		{B0BA416B-DB15-4CB1-9BF5-4D09A76ADC0C}.Release|x64.ActiveCfg = Release|x64
		{B0BA416B-DB15-4CB1-9BF5-4D09A76ADC0C}.Release|x64.Build.0 = Release|x64
		{B0BA416B-DB15-4CB1-9BF5-4D09A76ADC0C}.Release|x86.ActiveCfg = Release|Win32
		{B0BA416B-DB15-4CB1-9BF5-4D09A76ADC0C}.Release|x86.Build.0 = Release|Win32
	EndGlobalSection
	GlobalSection(SolutionProperties) = preSolution
		HideSolutionNode = FALSE
	EndGlobalSection
	GlobalSection(ExtensibilityGlobals) = postSolution
		SolutionGuid = {536C5175-85EF-4B0F-A06B-1E530EDFB30E}
	EndGlobalSection
EndGlobal
