
Microsoft Visual Studio Solution File, Format Version 12.00
# Visual Studio Version 17
VisualStudioVersion = 17.3.32819.101
MinimumVisualStudioVersion = 10.0.40219.1
Project("{8BC9CEB8-8B4A-11D0-8D11-00A0C91BC942}") = "B_Drill01", "B_Drill01\B_Drill01.vcxproj", "{1FEC7454-A151-4EBC-B0AA-43FBA5A18C10}"
EndProject
Project("{8BC9CEB8-8B4A-11D0-8D11-00A0C91BC942}") = "B_Drill02", "B_Drill02\B_Drill02.vcxproj", "{9C174988-2D3F-4550-A820-F69FF928FF84}"
EndProject
Project("{8BC9CEB8-8B4A-11D0-8D11-00A0C91BC942}") = "B_Drill03", "B_Drill03\B_Drill03.vcxproj", "{7BDBCF3B-E6EC-48BD-AE68-44E3959DD4E4}"
EndProject
Project("{8BC9CEB8-8B4A-11D0-8D11-00A0C91BC942}") = "C_Exercise01", "C_Exercise01\C_Exercise01.vcxproj", "{6018670D-934A-4A9A-B6EB-59906E38B52C}"
EndProject
Project("{8BC9CEB8-8B4A-11D0-8D11-00A0C91BC942}") = "C_Exercise02", "C_Exercise02\C_Exercise02.vcxproj", "{52D71803-5055-4242-950D-108C4F7DB0D4}"
EndProject
Project("{8BC9CEB8-8B4A-11D0-8D11-00A0C91BC942}") = "C_Exercise06", "C_Exercise06\C_Exercise06.vcxproj", "{34153EF3-5F4A-4EA7-9B06-10B08383CCB4}"
EndProject
Project("{8BC9CEB8-8B4A-11D0-8D11-00A0C91BC942}") = "C_Exercise07", "C_Exercise07\C_Exercise07.vcxproj", "{26BBA1B6-EE6A-4C05-ABBC-43F230F8D710}"
EndProject
Project("{8BC9CEB8-8B4A-11D0-8D11-00A0C91BC942}") = "C_Exercise08", "C_Exercise08\C_Exercise08.vcxproj", "{DC0614D2-2156-47CC-984F-4505CD42005C}"
EndProject
Project("{8BC9CEB8-8B4A-11D0-8D11-00A0C91BC942}") = "C_Exercise09", "C_Exercise09\C_Exercise09.vcxproj", "{72BA7A4F-525F-4C90-B651-64EB7ECCFF4D}"
EndProject
Project("{8BC9CEB8-8B4A-11D0-8D11-00A0C91BC942}") = "C_Exercise10", "C_Exercise10\C_Exercise10.vcxproj", "{531F2BA4-8F83-4BBC-823D-2C34975A68E7}"
EndProject
Project("{8BC9CEB8-8B4A-11D0-8D11-00A0C91BC942}") = "C_Exercise11", "C_Exercise11\C_Exercise11.vcxproj", "{28674647-3D94-4267-A315-45865335DAA5}"
EndProject
Project("{8BC9CEB8-8B4A-11D0-8D11-00A0C91BC942}") = "C_Exercise12", "C_Exercise12\C_Exercise12.vcxproj", "{4BCFBF59-7F0F-4FD0-8341-44107886D618}"
EndProject
Project("{8BC9CEB8-8B4A-11D0-8D11-00A0C91BC942}") = "C_Exercise13", "C_Exercise13\C_Exercise13.vcxproj", "{F41F5162-1816-42F0-9876-5190771A5F82}"
EndProject
Project("{8BC9CEB8-8B4A-11D0-8D11-00A0C91BC942}") = "C_Exercise14A", "C_Exercise14A\C_Exercise14A.vcxproj", "{1D029155-33A8-42B1-9FE0-378CEDD3037F}"
EndProject
Project("{8BC9CEB8-8B4A-11D0-8D11-00A0C91BC942}") = "C_Exercise14B", "C_Exercise14B\C_Exercise14B.vcxproj", "{726A7258-FD32-415E-90FF-B67EB3383952}"
EndProject
Global
	GlobalSection(SolutionConfigurationPlatforms) = preSolution
		Debug|x64 = Debug|x64
		Debug|x86 = Debug|x86
		Release|x64 = Release|x64
		Release|x86 = Release|x86
	EndGlobalSection
	GlobalSection(ProjectConfigurationPlatforms) = postSolution
		{1FEC7454-A151-4EBC-B0AA-43FBA5A18C10}.Debug|x64.ActiveCfg = Debug|x64
		{1FEC7454-A151-4EBC-B0AA-43FBA5A18C10}.Debug|x64.Build.0 = Debug|x64
		{1FEC7454-A151-4EBC-B0AA-43FBA5A18C10}.Debug|x86.ActiveCfg = Debug|Win32
		{1FEC7454-A151-4EBC-B0AA-43FBA5A18C10}.Debug|x86.Build.0 = Debug|Win32
		{1FEC7454-A151-4EBC-B0AA-43FBA5A18C10}.Release|x64.ActiveCfg = Release|x64
		{1FEC7454-A151-4EBC-B0AA-43FBA5A18C10}.Release|x64.Build.0 = Release|x64
		{1FEC7454-A151-4EBC-B0AA-43FBA5A18C10}.Release|x86.ActiveCfg = Release|Win32
		{1FEC7454-A151-4EBC-B0AA-43FBA5A18C10}.Release|x86.Build.0 = Release|Win32
		{9C174988-2D3F-4550-A820-F69FF928FF84}.Debug|x64.ActiveCfg = Debug|x64
		{9C174988-2D3F-4550-A820-F69FF928FF84}.Debug|x64.Build.0 = Debug|x64
		{9C174988-2D3F-4550-A820-F69FF928FF84}.Debug|x86.ActiveCfg = Debug|Win32
		{9C174988-2D3F-4550-A820-F69FF928FF84}.Debug|x86.Build.0 = Debug|Win32
		{9C174988-2D3F-4550-A820-F69FF928FF84}.Release|x64.ActiveCfg = Release|x64
		{9C174988-2D3F-4550-A820-F69FF928FF84}.Release|x64.Build.0 = Release|x64
		{9C174988-2D3F-4550-A820-F69FF928FF84}.Release|x86.ActiveCfg = Release|Win32
		{9C174988-2D3F-4550-A820-F69FF928FF84}.Release|x86.Build.0 = Release|Win32
		{7BDBCF3B-E6EC-48BD-AE68-44E3959DD4E4}.Debug|x64.ActiveCfg = Debug|x64
		{7BDBCF3B-E6EC-48BD-AE68-44E3959DD4E4}.Debug|x64.Build.0 = Debug|x64
		{7BDBCF3B-E6EC-48BD-AE68-44E3959DD4E4}.Debug|x86.ActiveCfg = Debug|Win32
		{7BDBCF3B-E6EC-48BD-AE68-44E3959DD4E4}.Debug|x86.Build.0 = Debug|Win32
		{7BDBCF3B-E6EC-48BD-AE68-44E3959DD4E4}.Release|x64.ActiveCfg = Release|x64
		{7BDBCF3B-E6EC-48BD-AE68-44E3959DD4E4}.Release|x64.Build.0 = Release|x64
		{7BDBCF3B-E6EC-48BD-AE68-44E3959DD4E4}.Release|x86.ActiveCfg = Release|Win32
		{7BDBCF3B-E6EC-48BD-AE68-44E3959DD4E4}.Release|x86.Build.0 = Release|Win32
		{6018670D-934A-4A9A-B6EB-59906E38B52C}.Debug|x64.ActiveCfg = Debug|x64
		{6018670D-934A-4A9A-B6EB-59906E38B52C}.Debug|x64.Build.0 = Debug|x64
		{6018670D-934A-4A9A-B6EB-59906E38B52C}.Debug|x86.ActiveCfg = Debug|Win32
		{6018670D-934A-4A9A-B6EB-59906E38B52C}.Debug|x86.Build.0 = Debug|Win32
		{6018670D-934A-4A9A-B6EB-59906E38B52C}.Release|x64.ActiveCfg = Release|x64
		{6018670D-934A-4A9A-B6EB-59906E38B52C}.Release|x64.Build.0 = Release|x64
		{6018670D-934A-4A9A-B6EB-59906E38B52C}.Release|x86.ActiveCfg = Release|Win32
		{6018670D-934A-4A9A-B6EB-59906E38B52C}.Release|x86.Build.0 = Release|Win32
		{52D71803-5055-4242-950D-108C4F7DB0D4}.Debug|x64.ActiveCfg = Debug|x64
		{52D71803-5055-4242-950D-108C4F7DB0D4}.Debug|x64.Build.0 = Debug|x64
		{52D71803-5055-4242-950D-108C4F7DB0D4}.Debug|x86.ActiveCfg = Debug|Win32
		{52D71803-5055-4242-950D-108C4F7DB0D4}.Debug|x86.Build.0 = Debug|Win32
		{52D71803-5055-4242-950D-108C4F7DB0D4}.Release|x64.ActiveCfg = Release|x64
		{52D71803-5055-4242-950D-108C4F7DB0D4}.Release|x64.Build.0 = Release|x64
		{52D71803-5055-4242-950D-108C4F7DB0D4}.Release|x86.ActiveCfg = Release|Win32
		{52D71803-5055-4242-950D-108C4F7DB0D4}.Release|x86.Build.0 = Release|Win32
		{34153EF3-5F4A-4EA7-9B06-10B08383CCB4}.Debug|x64.ActiveCfg = Debug|x64
		{34153EF3-5F4A-4EA7-9B06-10B08383CCB4}.Debug|x64.Build.0 = Debug|x64
		{34153EF3-5F4A-4EA7-9B06-10B08383CCB4}.Debug|x86.ActiveCfg = Debug|Win32
		{34153EF3-5F4A-4EA7-9B06-10B08383CCB4}.Debug|x86.Build.0 = Debug|Win32
		{34153EF3-5F4A-4EA7-9B06-10B08383CCB4}.Release|x64.ActiveCfg = Release|x64
		{34153EF3-5F4A-4EA7-9B06-10B08383CCB4}.Release|x64.Build.0 = Release|x64
		{34153EF3-5F4A-4EA7-9B06-10B08383CCB4}.Release|x86.ActiveCfg = Release|Win32
		{34153EF3-5F4A-4EA7-9B06-10B08383CCB4}.Release|x86.Build.0 = Release|Win32
		{26BBA1B6-EE6A-4C05-ABBC-43F230F8D710}.Debug|x64.ActiveCfg = Debug|x64
		{26BBA1B6-EE6A-4C05-ABBC-43F230F8D710}.Debug|x64.Build.0 = Debug|x64
		{26BBA1B6-EE6A-4C05-ABBC-43F230F8D710}.Debug|x86.ActiveCfg = Debug|Win32
		{26BBA1B6-EE6A-4C05-ABBC-43F230F8D710}.Debug|x86.Build.0 = Debug|Win32
		{26BBA1B6-EE6A-4C05-ABBC-43F230F8D710}.Release|x64.ActiveCfg = Release|x64
		{26BBA1B6-EE6A-4C05-ABBC-43F230F8D710}.Release|x64.Build.0 = Release|x64
		{26BBA1B6-EE6A-4C05-ABBC-43F230F8D710}.Release|x86.ActiveCfg = Release|Win32
		{26BBA1B6-EE6A-4C05-ABBC-43F230F8D710}.Release|x86.Build.0 = Release|Win32
		{DC0614D2-2156-47CC-984F-4505CD42005C}.Debug|x64.ActiveCfg = Debug|x64
		{DC0614D2-2156-47CC-984F-4505CD42005C}.Debug|x64.Build.0 = Debug|x64
		{DC0614D2-2156-47CC-984F-4505CD42005C}.Debug|x86.ActiveCfg = Debug|Win32
		{DC0614D2-2156-47CC-984F-4505CD42005C}.Debug|x86.Build.0 = Debug|Win32
		{DC0614D2-2156-47CC-984F-4505CD42005C}.Release|x64.ActiveCfg = Release|x64
		{DC0614D2-2156-47CC-984F-4505CD42005C}.Release|x64.Build.0 = Release|x64
		{DC0614D2-2156-47CC-984F-4505CD42005C}.Release|x86.ActiveCfg = Release|Win32
		{DC0614D2-2156-47CC-984F-4505CD42005C}.Release|x86.Build.0 = Release|Win32
		{72BA7A4F-525F-4C90-B651-64EB7ECCFF4D}.Debug|x64.ActiveCfg = Debug|x64
		{72BA7A4F-525F-4C90-B651-64EB7ECCFF4D}.Debug|x64.Build.0 = Debug|x64
		{72BA7A4F-525F-4C90-B651-64EB7ECCFF4D}.Debug|x86.ActiveCfg = Debug|Win32
		{72BA7A4F-525F-4C90-B651-64EB7ECCFF4D}.Debug|x86.Build.0 = Debug|Win32
		{72BA7A4F-525F-4C90-B651-64EB7ECCFF4D}.Release|x64.ActiveCfg = Release|x64
		{72BA7A4F-525F-4C90-B651-64EB7ECCFF4D}.Release|x64.Build.0 = Release|x64
		{72BA7A4F-525F-4C90-B651-64EB7ECCFF4D}.Release|x86.ActiveCfg = Release|Win32
		{72BA7A4F-525F-4C90-B651-64EB7ECCFF4D}.Release|x86.Build.0 = Release|Win32
		{531F2BA4-8F83-4BBC-823D-2C34975A68E7}.Debug|x64.ActiveCfg = Debug|x64
		{531F2BA4-8F83-4BBC-823D-2C34975A68E7}.Debug|x64.Build.0 = Debug|x64
		{531F2BA4-8F83-4BBC-823D-2C34975A68E7}.Debug|x86.ActiveCfg = Debug|Win32
		{531F2BA4-8F83-4BBC-823D-2C34975A68E7}.Debug|x86.Build.0 = Debug|Win32
		{531F2BA4-8F83-4BBC-823D-2C34975A68E7}.Release|x64.ActiveCfg = Release|x64
		{531F2BA4-8F83-4BBC-823D-2C34975A68E7}.Release|x64.Build.0 = Release|x64
		{531F2BA4-8F83-4BBC-823D-2C34975A68E7}.Release|x86.ActiveCfg = Release|Win32
		{531F2BA4-8F83-4BBC-823D-2C34975A68E7}.Release|x86.Build.0 = Release|Win32
		{28674647-3D94-4267-A315-45865335DAA5}.Debug|x64.ActiveCfg = Debug|x64
		{28674647-3D94-4267-A315-45865335DAA5}.Debug|x64.Build.0 = Debug|x64
		{28674647-3D94-4267-A315-45865335DAA5}.Debug|x86.ActiveCfg = Debug|Win32
		{28674647-3D94-4267-A315-45865335DAA5}.Debug|x86.Build.0 = Debug|Win32
		{28674647-3D94-4267-A315-45865335DAA5}.Release|x64.ActiveCfg = Release|x64
		{28674647-3D94-4267-A315-45865335DAA5}.Release|x64.Build.0 = Release|x64
		{28674647-3D94-4267-A315-45865335DAA5}.Release|x86.ActiveCfg = Release|Win32
		{28674647-3D94-4267-A315-45865335DAA5}.Release|x86.Build.0 = Release|Win32
		{4BCFBF59-7F0F-4FD0-8341-44107886D618}.Debug|x64.ActiveCfg = Debug|x64
		{4BCFBF59-7F0F-4FD0-8341-44107886D618}.Debug|x64.Build.0 = Debug|x64
		{4BCFBF59-7F0F-4FD0-8341-44107886D618}.Debug|x86.ActiveCfg = Debug|Win32
		{4BCFBF59-7F0F-4FD0-8341-44107886D618}.Debug|x86.Build.0 = Debug|Win32
		{4BCFBF59-7F0F-4FD0-8341-44107886D618}.Release|x64.ActiveCfg = Release|x64
		{4BCFBF59-7F0F-4FD0-8341-44107886D618}.Release|x64.Build.0 = Release|x64
		{4BCFBF59-7F0F-4FD0-8341-44107886D618}.Release|x86.ActiveCfg = Release|Win32
		{4BCFBF59-7F0F-4FD0-8341-44107886D618}.Release|x86.Build.0 = Release|Win32
		{F41F5162-1816-42F0-9876-5190771A5F82}.Debug|x64.ActiveCfg = Debug|x64
		{F41F5162-1816-42F0-9876-5190771A5F82}.Debug|x64.Build.0 = Debug|x64
		{F41F5162-1816-42F0-9876-5190771A5F82}.Debug|x86.ActiveCfg = Debug|Win32
		{F41F5162-1816-42F0-9876-5190771A5F82}.Debug|x86.Build.0 = Debug|Win32
		{F41F5162-1816-42F0-9876-5190771A5F82}.Release|x64.ActiveCfg = Release|x64
		{F41F5162-1816-42F0-9876-5190771A5F82}.Release|x64.Build.0 = Release|x64
		{F41F5162-1816-42F0-9876-5190771A5F82}.Release|x86.ActiveCfg = Release|Win32
		{F41F5162-1816-42F0-9876-5190771A5F82}.Release|x86.Build.0 = Release|Win32
		{1D029155-33A8-42B1-9FE0-378CEDD3037F}.Debug|x64.ActiveCfg = Debug|x64
		{1D029155-33A8-42B1-9FE0-378CEDD3037F}.Debug|x64.Build.0 = Debug|x64
		{1D029155-33A8-42B1-9FE0-378CEDD3037F}.Debug|x86.ActiveCfg = Debug|Win32
		{1D029155-33A8-42B1-9FE0-378CEDD3037F}.Debug|x86.Build.0 = Debug|Win32
		{1D029155-33A8-42B1-9FE0-378CEDD3037F}.Release|x64.ActiveCfg = Release|x64
		{1D029155-33A8-42B1-9FE0-378CEDD3037F}.Release|x64.Build.0 = Release|x64
		{1D029155-33A8-42B1-9FE0-378CEDD3037F}.Release|x86.ActiveCfg = Release|Win32
		{1D029155-33A8-42B1-9FE0-378CEDD3037F}.Release|x86.Build.0 = Release|Win32
		{726A7258-FD32-415E-90FF-B67EB3383952}.Debug|x64.ActiveCfg = Debug|x64
		{726A7258-FD32-415E-90FF-B67EB3383952}.Debug|x64.Build.0 = Debug|x64
		{726A7258-FD32-415E-90FF-B67EB3383952}.Debug|x86.ActiveCfg = Debug|Win32
		{726A7258-FD32-415E-90FF-B67EB3383952}.Debug|x86.Build.0 = Debug|Win32
		{726A7258-FD32-415E-90FF-B67EB3383952}.Release|x64.ActiveCfg = Release|x64
		{726A7258-FD32-415E-90FF-B67EB3383952}.Release|x64.Build.0 = Release|x64
		{726A7258-FD32-415E-90FF-B67EB3383952}.Release|x86.ActiveCfg = Release|Win32
		{726A7258-FD32-415E-90FF-B67EB3383952}.Release|x86.Build.0 = Release|Win32
	EndGlobalSection
	GlobalSection(SolutionProperties) = preSolution
		HideSolutionNode = FALSE
	EndGlobalSection
	GlobalSection(ExtensibilityGlobals) = postSolution
		SolutionGuid = {A1931AEF-A929-45E3-8A85-944CE85EA886}
	EndGlobalSection
EndGlobal
